// !$*UTF8*$!
{
	archiveVersion = 1;
	classes = {
	};
	objectVersion = 56;
	objects = {

/* Begin PBXBuildFile section */
		DB085B4C2C0DFB2000199065 /* OnboardingView.swift in Sources */ = {isa = PBXBuildFile; fileRef = DB085B4B2C0DFB2000199065 /* OnboardingView.swift */; };
		DB085B502C0DFB9F00199065 /* OnboardingFeature.swift in Sources */ = {isa = PBXBuildFile; fileRef = DB085B4F2C0DFB9F00199065 /* OnboardingFeature.swift */; };
		DB085B572C0E05CD00199065 /* Font.swift in Sources */ = {isa = PBXBuildFile; fileRef = DB085B562C0E05CD00199065 /* Font.swift */; };
		DB085B592C0E104A00199065 /* AuthFeature.swift in Sources */ = {isa = PBXBuildFile; fileRef = DB085B582C0E104A00199065 /* AuthFeature.swift */; };
		DB085B5B2C0E106B00199065 /* AuthView.swift in Sources */ = {isa = PBXBuildFile; fileRef = DB085B5A2C0E106B00199065 /* AuthView.swift */; };
		DB085B622C0ED09700199065 /* SignUpView.swift in Sources */ = {isa = PBXBuildFile; fileRef = DB085B612C0ED09700199065 /* SignUpView.swift */; };
		DB085B642C0ED0A500199065 /* SignUpFeature.swift in Sources */ = {isa = PBXBuildFile; fileRef = DB085B632C0ED0A500199065 /* SignUpFeature.swift */; };
		DB5A3B2C2C0EFC4E00463E0B /* View+Extension.swift in Sources */ = {isa = PBXBuildFile; fileRef = DB5A3B2B2C0EFC4E00463E0B /* View+Extension.swift */; };
		DBF85C192C0DF5FB00CDFA04 /* TeamsApp.swift in Sources */ = {isa = PBXBuildFile; fileRef = DBF85C182C0DF5FB00CDFA04 /* TeamsApp.swift */; };
		DBF85C1D2C0DF5FC00CDFA04 /* Assets.xcassets in Resources */ = {isa = PBXBuildFile; fileRef = DBF85C1C2C0DF5FC00CDFA04 /* Assets.xcassets */; };
		DBF85C202C0DF5FC00CDFA04 /* Preview Assets.xcassets in Resources */ = {isa = PBXBuildFile; fileRef = DBF85C1F2C0DF5FC00CDFA04 /* Preview Assets.xcassets */; };
		DBF85C282C0DF68D00CDFA04 /* .gitignore in Resources */ = {isa = PBXBuildFile; fileRef = DBF85C272C0DF68D00CDFA04 /* .gitignore */; };
		DBF85C2B2C0DF71300CDFA04 /* ComposableArchitecture in Frameworks */ = {isa = PBXBuildFile; productRef = DBF85C2A2C0DF71300CDFA04 /* ComposableArchitecture */; };
/* End PBXBuildFile section */

/* Begin PBXFileReference section */
		DB085B4B2C0DFB2000199065 /* OnboardingView.swift */ = {isa = PBXFileReference; lastKnownFileType = sourcecode.swift; path = OnboardingView.swift; sourceTree = "<group>"; };
		DB085B4F2C0DFB9F00199065 /* OnboardingFeature.swift */ = {isa = PBXFileReference; lastKnownFileType = sourcecode.swift; path = OnboardingFeature.swift; sourceTree = "<group>"; };
		DB085B562C0E05CD00199065 /* Font.swift */ = {isa = PBXFileReference; lastKnownFileType = sourcecode.swift; path = Font.swift; sourceTree = "<group>"; };
		DB085B582C0E104A00199065 /* AuthFeature.swift */ = {isa = PBXFileReference; lastKnownFileType = sourcecode.swift; path = AuthFeature.swift; sourceTree = "<group>"; };
		DB085B5A2C0E106B00199065 /* AuthView.swift */ = {isa = PBXFileReference; lastKnownFileType = sourcecode.swift; path = AuthView.swift; sourceTree = "<group>"; };
		DB085B612C0ED09700199065 /* SignUpView.swift */ = {isa = PBXFileReference; lastKnownFileType = sourcecode.swift; path = SignUpView.swift; sourceTree = "<group>"; };
		DB085B632C0ED0A500199065 /* SignUpFeature.swift */ = {isa = PBXFileReference; lastKnownFileType = sourcecode.swift; path = SignUpFeature.swift; sourceTree = "<group>"; };
		DB5A3B2B2C0EFC4E00463E0B /* View+Extension.swift */ = {isa = PBXFileReference; lastKnownFileType = sourcecode.swift; path = "View+Extension.swift"; sourceTree = "<group>"; };
		DBF85C152C0DF5FB00CDFA04 /* Teams.app */ = {isa = PBXFileReference; explicitFileType = wrapper.application; includeInIndex = 0; path = Teams.app; sourceTree = BUILT_PRODUCTS_DIR; };
		DBF85C182C0DF5FB00CDFA04 /* TeamsApp.swift */ = {isa = PBXFileReference; lastKnownFileType = sourcecode.swift; path = TeamsApp.swift; sourceTree = "<group>"; };
		DBF85C1C2C0DF5FC00CDFA04 /* Assets.xcassets */ = {isa = PBXFileReference; lastKnownFileType = folder.assetcatalog; path = Assets.xcassets; sourceTree = "<group>"; };
		DBF85C1F2C0DF5FC00CDFA04 /* Preview Assets.xcassets */ = {isa = PBXFileReference; lastKnownFileType = folder.assetcatalog; path = "Preview Assets.xcassets"; sourceTree = "<group>"; };
		DBF85C272C0DF68D00CDFA04 /* .gitignore */ = {isa = PBXFileReference; fileEncoding = 4; lastKnownFileType = text; path = .gitignore; sourceTree = "<group>"; };
/* End PBXFileReference section */

/* Begin PBXFrameworksBuildPhase section */
		DBF85C122C0DF5FB00CDFA04 /* Frameworks */ = {
			isa = PBXFrameworksBuildPhase;
			buildActionMask = 2147483647;
			files = (
				DBF85C2B2C0DF71300CDFA04 /* ComposableArchitecture in Frameworks */,
			);
			runOnlyForDeploymentPostprocessing = 0;
		};
/* End PBXFrameworksBuildPhase section */

/* Begin PBXGroup section */
		DB085B4A2C0DFAFC00199065 /* Onbaording */ = {
			isa = PBXGroup;
			children = (
				DB085B4D2C0DFB2400199065 /* Views */,
				DB085B4E2C0DFB2800199065 /* Feature */,
			);
			path = Onbaording;
			sourceTree = "<group>";
		};
		DB085B4D2C0DFB2400199065 /* Views */ = {
			isa = PBXGroup;
			children = (
				DB085B4B2C0DFB2000199065 /* OnboardingView.swift */,
				DB085B5A2C0E106B00199065 /* AuthView.swift */,
				DB085B612C0ED09700199065 /* SignUpView.swift */,
			);
			path = Views;
			sourceTree = "<group>";
		};
		DB085B4E2C0DFB2800199065 /* Feature */ = {
			isa = PBXGroup;
			children = (
				DB085B4F2C0DFB9F00199065 /* OnboardingFeature.swift */,
				DB085B582C0E104A00199065 /* AuthFeature.swift */,
				DB085B632C0ED0A500199065 /* SignUpFeature.swift */,
			);
			path = Feature;
			sourceTree = "<group>";
		};
		DB085B512C0DFE7D00199065 /* DesignSystem */ = {
			isa = PBXGroup;
			children = (
				DB085B532C0DFEB600199065 /* Font */,
			);
			path = DesignSystem;
			sourceTree = "<group>";
		};
		DB085B532C0DFEB600199065 /* Font */ = {
			isa = PBXGroup;
			children = (
				DB085B562C0E05CD00199065 /* Font.swift */,
			);
			path = Font;
			sourceTree = "<group>";
		};
		DB5A3B2A2C0EFC0300463E0B /* Extension */ = {
			isa = PBXGroup;
			children = (
				DB5A3B2B2C0EFC4E00463E0B /* View+Extension.swift */,
			);
			path = Extension;
			sourceTree = "<group>";
		};
		DBF85C0C2C0DF5FB00CDFA04 = {
			isa = PBXGroup;
			children = (
				DBF85C272C0DF68D00CDFA04 /* .gitignore */,
				DBF85C172C0DF5FB00CDFA04 /* Teams */,
				DBF85C162C0DF5FB00CDFA04 /* Products */,
			);
			sourceTree = "<group>";
		};
		DBF85C162C0DF5FB00CDFA04 /* Products */ = {
			isa = PBXGroup;
			children = (
				DBF85C152C0DF5FB00CDFA04 /* Teams.app */,
			);
			name = Products;
			sourceTree = "<group>";
		};
		DBF85C172C0DF5FB00CDFA04 /* Teams */ = {
			isa = PBXGroup;
			children = (
				DBF85C2C2C0DF80E00CDFA04 /* App */,
				DBF85C2D2C0DF82300CDFA04 /* Presentation */,
				DBF85C2E2C0DF84C00CDFA04 /* Resources */,
				DBF85C1E2C0DF5FC00CDFA04 /* Preview Content */,
			);
			path = Teams;
			sourceTree = "<group>";
		};
		DBF85C1E2C0DF5FC00CDFA04 /* Preview Content */ = {
			isa = PBXGroup;
			children = (
				DBF85C1F2C0DF5FC00CDFA04 /* Preview Assets.xcassets */,
			);
			path = "Preview Content";
			sourceTree = "<group>";
		};
		DBF85C2C2C0DF80E00CDFA04 /* App */ = {
			isa = PBXGroup;
			children = (
				DBF85C182C0DF5FB00CDFA04 /* TeamsApp.swift */,
			);
			path = App;
			sourceTree = "<group>";
		};
		DBF85C2D2C0DF82300CDFA04 /* Presentation */ = {
			isa = PBXGroup;
			children = (
				DB085B4A2C0DFAFC00199065 /* Onbaording */,
			);
			path = Presentation;
			sourceTree = "<group>";
		};
		DBF85C2E2C0DF84C00CDFA04 /* Resources */ = {
			isa = PBXGroup;
			children = (
				DB5A3B2A2C0EFC0300463E0B /* Extension */,
				DB085B512C0DFE7D00199065 /* DesignSystem */,
				DBF85C1C2C0DF5FC00CDFA04 /* Assets.xcassets */,
			);
			path = Resources;
			sourceTree = "<group>";
		};
/* End PBXGroup section */

/* Begin PBXNativeTarget section */
		DBF85C142C0DF5FB00CDFA04 /* Teams */ = {
			isa = PBXNativeTarget;
			buildConfigurationList = DBF85C232C0DF5FC00CDFA04 /* Build configuration list for PBXNativeTarget "Teams" */;
			buildPhases = (
				DBF85C112C0DF5FB00CDFA04 /* Sources */,
				DBF85C122C0DF5FB00CDFA04 /* Frameworks */,
				DBF85C132C0DF5FB00CDFA04 /* Resources */,
			);
			buildRules = (
			);
			dependencies = (
			);
			name = Teams;
			packageProductDependencies = (
				DBF85C2A2C0DF71300CDFA04 /* ComposableArchitecture */,
			);
			productName = Teams;
			productReference = DBF85C152C0DF5FB00CDFA04 /* Teams.app */;
			productType = "com.apple.product-type.application";
		};
/* End PBXNativeTarget section */

/* Begin PBXProject section */
		DBF85C0D2C0DF5FB00CDFA04 /* Project object */ = {
			isa = PBXProject;
			attributes = {
				BuildIndependentTargetsInParallel = 1;
				LastSwiftUpdateCheck = 1540;
				LastUpgradeCheck = 1540;
				TargetAttributes = {
					DBF85C142C0DF5FB00CDFA04 = {
						CreatedOnToolsVersion = 15.4;
					};
				};
			};
			buildConfigurationList = DBF85C102C0DF5FB00CDFA04 /* Build configuration list for PBXProject "Teams" */;
			compatibilityVersion = "Xcode 14.0";
			developmentRegion = en;
			hasScannedForEncodings = 0;
			knownRegions = (
				en,
				Base,
			);
			mainGroup = DBF85C0C2C0DF5FB00CDFA04;
			packageReferences = (
				DBF85C292C0DF71300CDFA04 /* XCRemoteSwiftPackageReference "swift-composable-architecture" */,
			);
			productRefGroup = DBF85C162C0DF5FB00CDFA04 /* Products */;
			projectDirPath = "";
			projectRoot = "";
			targets = (
				DBF85C142C0DF5FB00CDFA04 /* Teams */,
			);
		};
/* End PBXProject section */

/* Begin PBXResourcesBuildPhase section */
		DBF85C132C0DF5FB00CDFA04 /* Resources */ = {
			isa = PBXResourcesBuildPhase;
			buildActionMask = 2147483647;
			files = (
				DBF85C202C0DF5FC00CDFA04 /* Preview Assets.xcassets in Resources */,
				DBF85C282C0DF68D00CDFA04 /* .gitignore in Resources */,
				DBF85C1D2C0DF5FC00CDFA04 /* Assets.xcassets in Resources */,
			);
			runOnlyForDeploymentPostprocessing = 0;
		};
/* End PBXResourcesBuildPhase section */

/* Begin PBXSourcesBuildPhase section */
		DBF85C112C0DF5FB00CDFA04 /* Sources */ = {
			isa = PBXSourcesBuildPhase;
			buildActionMask = 2147483647;
			files = (
				DB085B642C0ED0A500199065 /* SignUpFeature.swift in Sources */,
				DB085B5B2C0E106B00199065 /* AuthView.swift in Sources */,
				DB085B572C0E05CD00199065 /* Font.swift in Sources */,
				DB085B502C0DFB9F00199065 /* OnboardingFeature.swift in Sources */,
				DB085B622C0ED09700199065 /* SignUpView.swift in Sources */,
				DB085B592C0E104A00199065 /* AuthFeature.swift in Sources */,
				DB085B4C2C0DFB2000199065 /* OnboardingView.swift in Sources */,
				DB5A3B2C2C0EFC4E00463E0B /* View+Extension.swift in Sources */,
				DBF85C192C0DF5FB00CDFA04 /* TeamsApp.swift in Sources */,
			);
			runOnlyForDeploymentPostprocessing = 0;
		};
/* End PBXSourcesBuildPhase section */

/* Begin XCBuildConfiguration section */
		DBF85C212C0DF5FC00CDFA04 /* Debug */ = {
			isa = XCBuildConfiguration;
			buildSettings = {
				ALWAYS_SEARCH_USER_PATHS = NO;
				ASSETCATALOG_COMPILER_GENERATE_SWIFT_ASSET_SYMBOL_EXTENSIONS = YES;
				CLANG_ANALYZER_NONNULL = YES;
				CLANG_ANALYZER_NUMBER_OBJECT_CONVERSION = YES_AGGRESSIVE;
				CLANG_CXX_LANGUAGE_STANDARD = "gnu++20";
				CLANG_ENABLE_MODULES = YES;
				CLANG_ENABLE_OBJC_ARC = YES;
				CLANG_ENABLE_OBJC_WEAK = YES;
				CLANG_WARN_BLOCK_CAPTURE_AUTORELEASING = YES;
				CLANG_WARN_BOOL_CONVERSION = YES;
				CLANG_WARN_COMMA = YES;
				CLANG_WARN_CONSTANT_CONVERSION = YES;
				CLANG_WARN_DEPRECATED_OBJC_IMPLEMENTATIONS = YES;
				CLANG_WARN_DIRECT_OBJC_ISA_USAGE = YES_ERROR;
				CLANG_WARN_DOCUMENTATION_COMMENTS = YES;
				CLANG_WARN_EMPTY_BODY = YES;
				CLANG_WARN_ENUM_CONVERSION = YES;
				CLANG_WARN_INFINITE_RECURSION = YES;
				CLANG_WARN_INT_CONVERSION = YES;
				CLANG_WARN_NON_LITERAL_NULL_CONVERSION = YES;
				CLANG_WARN_OBJC_IMPLICIT_RETAIN_SELF = YES;
				CLANG_WARN_OBJC_LITERAL_CONVERSION = YES;
				CLANG_WARN_OBJC_ROOT_CLASS = YES_ERROR;
				CLANG_WARN_QUOTED_INCLUDE_IN_FRAMEWORK_HEADER = YES;
				CLANG_WARN_RANGE_LOOP_ANALYSIS = YES;
				CLANG_WARN_STRICT_PROTOTYPES = YES;
				CLANG_WARN_SUSPICIOUS_MOVE = YES;
				CLANG_WARN_UNGUARDED_AVAILABILITY = YES_AGGRESSIVE;
				CLANG_WARN_UNREACHABLE_CODE = YES;
				CLANG_WARN__DUPLICATE_METHOD_MATCH = YES;
				COPY_PHASE_STRIP = NO;
				DEBUG_INFORMATION_FORMAT = dwarf;
				ENABLE_STRICT_OBJC_MSGSEND = YES;
				ENABLE_TESTABILITY = YES;
				ENABLE_USER_SCRIPT_SANDBOXING = YES;
				GCC_C_LANGUAGE_STANDARD = gnu17;
				GCC_DYNAMIC_NO_PIC = NO;
				GCC_NO_COMMON_BLOCKS = YES;
				GCC_OPTIMIZATION_LEVEL = 0;
				GCC_PREPROCESSOR_DEFINITIONS = (
					"DEBUG=1",
					"$(inherited)",
				);
				GCC_WARN_64_TO_32_BIT_CONVERSION = YES;
				GCC_WARN_ABOUT_RETURN_TYPE = YES_ERROR;
				GCC_WARN_UNDECLARED_SELECTOR = YES;
				GCC_WARN_UNINITIALIZED_AUTOS = YES_AGGRESSIVE;
				GCC_WARN_UNUSED_FUNCTION = YES;
				GCC_WARN_UNUSED_VARIABLE = YES;
				IPHONEOS_DEPLOYMENT_TARGET = 17.5;
				LOCALIZATION_PREFERS_STRING_CATALOGS = YES;
				MTL_ENABLE_DEBUG_INFO = INCLUDE_SOURCE;
				MTL_FAST_MATH = YES;
				ONLY_ACTIVE_ARCH = YES;
				SDKROOT = iphoneos;
				SWIFT_ACTIVE_COMPILATION_CONDITIONS = "DEBUG $(inherited)";
				SWIFT_OPTIMIZATION_LEVEL = "-Onone";
			};
			name = Debug;
		};
		DBF85C222C0DF5FC00CDFA04 /* Release */ = {
			isa = XCBuildConfiguration;
			buildSettings = {
				ALWAYS_SEARCH_USER_PATHS = NO;
				ASSETCATALOG_COMPILER_GENERATE_SWIFT_ASSET_SYMBOL_EXTENSIONS = YES;
				CLANG_ANALYZER_NONNULL = YES;
				CLANG_ANALYZER_NUMBER_OBJECT_CONVERSION = YES_AGGRESSIVE;
				CLANG_CXX_LANGUAGE_STANDARD = "gnu++20";
				CLANG_ENABLE_MODULES = YES;
				CLANG_ENABLE_OBJC_ARC = YES;
				CLANG_ENABLE_OBJC_WEAK = YES;
				CLANG_WARN_BLOCK_CAPTURE_AUTORELEASING = YES;
				CLANG_WARN_BOOL_CONVERSION = YES;
				CLANG_WARN_COMMA = YES;
				CLANG_WARN_CONSTANT_CONVERSION = YES;
				CLANG_WARN_DEPRECATED_OBJC_IMPLEMENTATIONS = YES;
				CLANG_WARN_DIRECT_OBJC_ISA_USAGE = YES_ERROR;
				CLANG_WARN_DOCUMENTATION_COMMENTS = YES;
				CLANG_WARN_EMPTY_BODY = YES;
				CLANG_WARN_ENUM_CONVERSION = YES;
				CLANG_WARN_INFINITE_RECURSION = YES;
				CLANG_WARN_INT_CONVERSION = YES;
				CLANG_WARN_NON_LITERAL_NULL_CONVERSION = YES;
				CLANG_WARN_OBJC_IMPLICIT_RETAIN_SELF = YES;
				CLANG_WARN_OBJC_LITERAL_CONVERSION = YES;
				CLANG_WARN_OBJC_ROOT_CLASS = YES_ERROR;
				CLANG_WARN_QUOTED_INCLUDE_IN_FRAMEWORK_HEADER = YES;
				CLANG_WARN_RANGE_LOOP_ANALYSIS = YES;
				CLANG_WARN_STRICT_PROTOTYPES = YES;
				CLANG_WARN_SUSPICIOUS_MOVE = YES;
				CLANG_WARN_UNGUARDED_AVAILABILITY = YES_AGGRESSIVE;
				CLANG_WARN_UNREACHABLE_CODE = YES;
				CLANG_WARN__DUPLICATE_METHOD_MATCH = YES;
				COPY_PHASE_STRIP = NO;
				DEBUG_INFORMATION_FORMAT = "dwarf-with-dsym";
				ENABLE_NS_ASSERTIONS = NO;
				ENABLE_STRICT_OBJC_MSGSEND = YES;
				ENABLE_USER_SCRIPT_SANDBOXING = YES;
				GCC_C_LANGUAGE_STANDARD = gnu17;
				GCC_NO_COMMON_BLOCKS = YES;
				GCC_WARN_64_TO_32_BIT_CONVERSION = YES;
				GCC_WARN_ABOUT_RETURN_TYPE = YES_ERROR;
				GCC_WARN_UNDECLARED_SELECTOR = YES;
				GCC_WARN_UNINITIALIZED_AUTOS = YES_AGGRESSIVE;
				GCC_WARN_UNUSED_FUNCTION = YES;
				GCC_WARN_UNUSED_VARIABLE = YES;
				IPHONEOS_DEPLOYMENT_TARGET = 17.5;
				LOCALIZATION_PREFERS_STRING_CATALOGS = YES;
				MTL_ENABLE_DEBUG_INFO = NO;
				MTL_FAST_MATH = YES;
				SDKROOT = iphoneos;
				SWIFT_COMPILATION_MODE = wholemodule;
				VALIDATE_PRODUCT = YES;
			};
			name = Release;
		};
		DBF85C242C0DF5FC00CDFA04 /* Debug */ = {
			isa = XCBuildConfiguration;
			buildSettings = {
				ASSETCATALOG_COMPILER_APPICON_NAME = AppIcon;
				ASSETCATALOG_COMPILER_GLOBAL_ACCENT_COLOR_NAME = AccentColor;
				CODE_SIGN_STYLE = Automatic;
				CURRENT_PROJECT_VERSION = 1;
				DEVELOPMENT_ASSET_PATHS = "\"Teams/Preview Content\"";
				DEVELOPMENT_TEAM = SUZFV58S8B;
				ENABLE_PREVIEWS = YES;
				GENERATE_INFOPLIST_FILE = YES;
				INFOPLIST_KEY_UIApplicationSceneManifest_Generation = YES;
				INFOPLIST_KEY_UIApplicationSupportsIndirectInputEvents = YES;
				INFOPLIST_KEY_UILaunchScreen_Generation = YES;
				INFOPLIST_KEY_UISupportedInterfaceOrientations = UIInterfaceOrientationPortrait;
				INFOPLIST_KEY_UISupportedInterfaceOrientations_iPad = "UIInterfaceOrientationLandscapeLeft UIInterfaceOrientationLandscapeRight UIInterfaceOrientationPortrait UIInterfaceOrientationPortraitUpsideDown";
				IPHONEOS_DEPLOYMENT_TARGET = 16;
				LD_RUNPATH_SEARCH_PATHS = (
					"$(inherited)",
					"@executable_path/Frameworks",
				);
				MARKETING_VERSION = 1.0;
				PRODUCT_BUNDLE_IDENTIFIER = com.jinoo.Teams;
				PRODUCT_NAME = "$(TARGET_NAME)";
				SUPPORTED_PLATFORMS = "iphoneos iphonesimulator";
				SUPPORTS_MACCATALYST = NO;
				SUPPORTS_MAC_DESIGNED_FOR_IPHONE_IPAD = NO;
				SUPPORTS_XR_DESIGNED_FOR_IPHONE_IPAD = NO;
				SWIFT_EMIT_LOC_STRINGS = YES;
				SWIFT_VERSION = 5.0;
				TARGETED_DEVICE_FAMILY = 1;
			};
			name = Debug;
		};
		DBF85C252C0DF5FC00CDFA04 /* Release */ = {
			isa = XCBuildConfiguration;
			buildSettings = {
				ASSETCATALOG_COMPILER_APPICON_NAME = AppIcon;
				ASSETCATALOG_COMPILER_GLOBAL_ACCENT_COLOR_NAME = AccentColor;
				CODE_SIGN_STYLE = Automatic;
				CURRENT_PROJECT_VERSION = 1;
				DEVELOPMENT_ASSET_PATHS = "\"Teams/Preview Content\"";
				DEVELOPMENT_TEAM = SUZFV58S8B;
				ENABLE_PREVIEWS = YES;
				GENERATE_INFOPLIST_FILE = YES;
				INFOPLIST_KEY_UIApplicationSceneManifest_Generation = YES;
				INFOPLIST_KEY_UIApplicationSupportsIndirectInputEvents = YES;
				INFOPLIST_KEY_UILaunchScreen_Generation = YES;
				INFOPLIST_KEY_UISupportedInterfaceOrientations = UIInterfaceOrientationPortrait;
				INFOPLIST_KEY_UISupportedInterfaceOrientations_iPad = "UIInterfaceOrientationLandscapeLeft UIInterfaceOrientationLandscapeRight UIInterfaceOrientationPortrait UIInterfaceOrientationPortraitUpsideDown";
				IPHONEOS_DEPLOYMENT_TARGET = 16;
				LD_RUNPATH_SEARCH_PATHS = (
					"$(inherited)",
					"@executable_path/Frameworks",
				);
				MARKETING_VERSION = 1.0;
				PRODUCT_BUNDLE_IDENTIFIER = com.jinoo.Teams;
				PRODUCT_NAME = "$(TARGET_NAME)";
				SUPPORTED_PLATFORMS = "iphoneos iphonesimulator";
				SUPPORTS_MACCATALYST = NO;
				SUPPORTS_MAC_DESIGNED_FOR_IPHONE_IPAD = NO;
				SUPPORTS_XR_DESIGNED_FOR_IPHONE_IPAD = NO;
				SWIFT_EMIT_LOC_STRINGS = YES;
				SWIFT_VERSION = 5.0;
				TARGETED_DEVICE_FAMILY = 1;
			};
			name = Release;
		};
/* End XCBuildConfiguration section */

/* Begin XCConfigurationList section */
		DBF85C102C0DF5FB00CDFA04 /* Build configuration list for PBXProject "Teams" */ = {
			isa = XCConfigurationList;
			buildConfigurations = (
				DBF85C212C0DF5FC00CDFA04 /* Debug */,
				DBF85C222C0DF5FC00CDFA04 /* Release */,
			);
			defaultConfigurationIsVisible = 0;
			defaultConfigurationName = Release;
		};
		DBF85C232C0DF5FC00CDFA04 /* Build configuration list for PBXNativeTarget "Teams" */ = {
			isa = XCConfigurationList;
			buildConfigurations = (
				DBF85C242C0DF5FC00CDFA04 /* Debug */,
				DBF85C252C0DF5FC00CDFA04 /* Release */,
			);
			defaultConfigurationIsVisible = 0;
			defaultConfigurationName = Release;
		};
/* End XCConfigurationList section */

/* Begin XCRemoteSwiftPackageReference section */
		DBF85C292C0DF71300CDFA04 /* XCRemoteSwiftPackageReference "swift-composable-architecture" */ = {
			isa = XCRemoteSwiftPackageReference;
			repositoryURL = "https://github.com/pointfreeco/swift-composable-architecture.git";
			requirement = {
				kind = upToNextMajorVersion;
				minimumVersion = 1.10.4;
			};
		};
/* End XCRemoteSwiftPackageReference section */

/* Begin XCSwiftPackageProductDependency section */
		DBF85C2A2C0DF71300CDFA04 /* ComposableArchitecture */ = {
			isa = XCSwiftPackageProductDependency;
			package = DBF85C292C0DF71300CDFA04 /* XCRemoteSwiftPackageReference "swift-composable-architecture" */;
			productName = ComposableArchitecture;
		};
/* End XCSwiftPackageProductDependency section */
	};
	rootObject = DBF85C0D2C0DF5FB00CDFA04 /* Project object */;
}
