// !$*UTF8*$!
{
	archiveVersion = 1;
	classes = {
	};
	objectVersion = 56;
	objects = {

/* Begin PBXBuildFile section */
		DB085B4C2C0DFB2000199065 /* OnboardingView.swift in Sources */ = {isa = PBXBuildFile; fileRef = DB085B4B2C0DFB2000199065 /* OnboardingView.swift */; };
		DB085B502C0DFB9F00199065 /* OnboardingFeature.swift in Sources */ = {isa = PBXBuildFile; fileRef = DB085B4F2C0DFB9F00199065 /* OnboardingFeature.swift */; };
		DB085B572C0E05CD00199065 /* Font.swift in Sources */ = {isa = PBXBuildFile; fileRef = DB085B562C0E05CD00199065 /* Font.swift */; };
		DB085B592C0E104A00199065 /* AuthFeature.swift in Sources */ = {isa = PBXBuildFile; fileRef = DB085B582C0E104A00199065 /* AuthFeature.swift */; };
		DB085B5B2C0E106B00199065 /* AuthView.swift in Sources */ = {isa = PBXBuildFile; fileRef = DB085B5A2C0E106B00199065 /* AuthView.swift */; };
		DB085B622C0ED09700199065 /* SignUpView.swift in Sources */ = {isa = PBXBuildFile; fileRef = DB085B612C0ED09700199065 /* SignUpView.swift */; };
		DB085B642C0ED0A500199065 /* SignUpFeature.swift in Sources */ = {isa = PBXBuildFile; fileRef = DB085B632C0ED0A500199065 /* SignUpFeature.swift */; };
		DB0B9D7D2C1833D800C5C150 /* HomeFeature.swift in Sources */ = {isa = PBXBuildFile; fileRef = DB0B9D7C2C1833D800C5C150 /* HomeFeature.swift */; };
		DB119BAB2C32E85500E47A53 /* PopupButtonView.swift in Sources */ = {isa = PBXBuildFile; fileRef = DB119BAA2C32E85500E47A53 /* PopupButtonView.swift */; };
		DB119BB02C3306A400E47A53 /* WorkspaceRemoveResponseDTO.swift in Sources */ = {isa = PBXBuildFile; fileRef = DB119BAF2C3306A400E47A53 /* WorkspaceRemoveResponseDTO.swift */; };
		DB119BB42C33AF5800E47A53 /* WorkspaceIDDTO.swift in Sources */ = {isa = PBXBuildFile; fileRef = DB119BB32C33AF5700E47A53 /* WorkspaceIDDTO.swift */; };
		DB11F5C42C1D9A1000D84619 /* MainCoordinator.swift in Sources */ = {isa = PBXBuildFile; fileRef = DB11F5C32C1D9A1000D84619 /* MainCoordinator.swift */; };
		DB23BCFC2C2062C000A9C193 /* WorkspaceCoordinator.swift in Sources */ = {isa = PBXBuildFile; fileRef = DB23BCFB2C2062C000A9C193 /* WorkspaceCoordinator.swift */; };
		DB23BCFE2C20638300A9C193 /* HomeEmptyView.swift in Sources */ = {isa = PBXBuildFile; fileRef = DB23BCFD2C20638300A9C193 /* HomeEmptyView.swift */; };
		DB23BD002C206F9100A9C193 /* HomeEmptyFeature.swift in Sources */ = {isa = PBXBuildFile; fileRef = DB23BCFF2C206F9100A9C193 /* HomeEmptyFeature.swift */; };
		DB25660F2C33D04400D34BEB /* WorkspaceEditView.swift in Sources */ = {isa = PBXBuildFile; fileRef = DB25660E2C33D04400D34BEB /* WorkspaceEditView.swift */; };
		DB2566112C33D06800D34BEB /* WorkspaceEditFeature.swift in Sources */ = {isa = PBXBuildFile; fileRef = DB2566102C33D06800D34BEB /* WorkspaceEditFeature.swift */; };
		DB2566132C352B8800D34BEB /* SideMenuScreen.swift in Sources */ = {isa = PBXBuildFile; fileRef = DB2566122C352B8800D34BEB /* SideMenuScreen.swift */; };
		DB2566152C352BB200D34BEB /* SideMenuScreen+Identifiable.swift in Sources */ = {isa = PBXBuildFile; fileRef = DB2566142C352BB200D34BEB /* SideMenuScreen+Identifiable.swift */; };
		DB2FB0A52C329AD70091B6CE /* WorkspaceListItemView.swift in Sources */ = {isa = PBXBuildFile; fileRef = DB2FB0A42C329AD70091B6CE /* WorkspaceListItemView.swift */; };
		DB37633C2C29C664009A201B /* HomeCoordinator.swift in Sources */ = {isa = PBXBuildFile; fileRef = DB37633B2C29C664009A201B /* HomeCoordinator.swift */; };
		DB4B780B2C105A8100350F04 /* UserRouter.swift in Sources */ = {isa = PBXBuildFile; fileRef = DB4B780A2C105A8100350F04 /* UserRouter.swift */; };
		DB4B78122C105C3100350F04 /* HTTPHeader.swift in Sources */ = {isa = PBXBuildFile; fileRef = DB4B78112C105C3100350F04 /* HTTPHeader.swift */; };
		DB4B78142C105C4F00350F04 /* APIKey.swift in Sources */ = {isa = PBXBuildFile; fileRef = DB4B78132C105C4F00350F04 /* APIKey.swift */; };
		DB5A3B2C2C0EFC4E00463E0B /* View+Extension.swift in Sources */ = {isa = PBXBuildFile; fileRef = DB5A3B2B2C0EFC4E00463E0B /* View+Extension.swift */; };
		DB5AADB52C12E4F1002907B6 /* PopupView in Frameworks */ = {isa = PBXBuildFile; productRef = DB5AADB42C12E4F1002907B6 /* PopupView */; };
		DB5AADB92C12ED2E002907B6 /* ToastView.swift in Sources */ = {isa = PBXBuildFile; fileRef = DB5AADB82C12ED2E002907B6 /* ToastView.swift */; };
		DB5AADBB2C1300DD002907B6 /* InputView.swift in Sources */ = {isa = PBXBuildFile; fileRef = DB5AADBA2C1300DD002907B6 /* InputView.swift */; };
		DB5AADBD2C16AA59002907B6 /* AuthManager.swift in Sources */ = {isa = PBXBuildFile; fileRef = DB5AADBC2C16AA59002907B6 /* AuthManager.swift */; };
		DB5AADBF2C16AA73002907B6 /* TargetType.swift in Sources */ = {isa = PBXBuildFile; fileRef = DB5AADBE2C16AA73002907B6 /* TargetType.swift */; };
		DB5AADC22C16AB03002907B6 /* Alamofire in Frameworks */ = {isa = PBXBuildFile; productRef = DB5AADC12C16AB03002907B6 /* Alamofire */; };
		DB5AADC52C16AB9D002907B6 /* Kingfisher in Frameworks */ = {isa = PBXBuildFile; productRef = DB5AADC42C16AB9D002907B6 /* Kingfisher */; };
		DB5AADC82C16AC7F002907B6 /* UserDefaultManager.swift in Sources */ = {isa = PBXBuildFile; fileRef = DB5AADC72C16AC7F002907B6 /* UserDefaultManager.swift */; };
		DB5AADCD2C16B0BC002907B6 /* EmailValidationRequestDTO.swift in Sources */ = {isa = PBXBuildFile; fileRef = DB5AADCC2C16B0BC002907B6 /* EmailValidationRequestDTO.swift */; };
		DB5AADD12C16C4CB002907B6 /* NetworkManager.swift in Sources */ = {isa = PBXBuildFile; fileRef = DB5AADD02C16C4CB002907B6 /* NetworkManager.swift */; };
		DB5AADD32C16DCAB002907B6 /* EmailValidationResponseDTO.swift in Sources */ = {isa = PBXBuildFile; fileRef = DB5AADD22C16DCAB002907B6 /* EmailValidationResponseDTO.swift */; };
		DB5AADD62C172AF7002907B6 /* ErrorResponseDTO.swift in Sources */ = {isa = PBXBuildFile; fileRef = DB5AADD52C172AF7002907B6 /* ErrorResponseDTO.swift */; };
		DB5AADD82C172C64002907B6 /* APIError.swift in Sources */ = {isa = PBXBuildFile; fileRef = DB5AADD72C172C64002907B6 /* APIError.swift */; };
		DB5AADDD2C173DD0002907B6 /* InputFeature.swift in Sources */ = {isa = PBXBuildFile; fileRef = DB5AADDC2C173DD0002907B6 /* InputFeature.swift */; };
		DB5AADDF2C180E0F002907B6 /* JoinRequestDTO.swift in Sources */ = {isa = PBXBuildFile; fileRef = DB5AADDE2C180E0F002907B6 /* JoinRequestDTO.swift */; };
		DB5AADE22C180F73002907B6 /* TeamsAppDelegate.swift in Sources */ = {isa = PBXBuildFile; fileRef = DB5AADE12C180F73002907B6 /* TeamsAppDelegate.swift */; };
		DB5AADE42C180FED002907B6 /* JoinResponseDTO+Mapping.swift in Sources */ = {isa = PBXBuildFile; fileRef = DB5AADE32C180FED002907B6 /* JoinResponseDTO+Mapping.swift */; };
		DB5AADE72C181427002907B6 /* Join.swift in Sources */ = {isa = PBXBuildFile; fileRef = DB5AADE62C181427002907B6 /* Join.swift */; };
		DB5AADE92C1818ED002907B6 /* Token.swift in Sources */ = {isa = PBXBuildFile; fileRef = DB5AADE82C1818ED002907B6 /* Token.swift */; };
		DB717EE02C27FCA6003C59ED /* Notification.Name+Extension.swift in Sources */ = {isa = PBXBuildFile; fileRef = DB717EDF2C27FCA6003C59ED /* Notification.Name+Extension.swift */; };
		DB717EE32C293D13003C59ED /* SideMenuView.swift in Sources */ = {isa = PBXBuildFile; fileRef = DB717EE22C293D13003C59ED /* SideMenuView.swift */; };
		DB717EE72C299E71003C59ED /* SideMenuFeature.swift in Sources */ = {isa = PBXBuildFile; fileRef = DB717EE62C299E71003C59ED /* SideMenuFeature.swift */; };
		DB717EE92C299F1B003C59ED /* SideMenuCoordinator.swift in Sources */ = {isa = PBXBuildFile; fileRef = DB717EE82C299F1B003C59ED /* SideMenuCoordinator.swift */; };
		DB9A7E1F2C2D3710007C4E3F /* Formatter+Extension.swift in Sources */ = {isa = PBXBuildFile; fileRef = DB9A7E1E2C2D3710007C4E3F /* Formatter+Extension.swift */; };
		DBABF0292C25440100A3CB37 /* UIImage+Extension.swift in Sources */ = {isa = PBXBuildFile; fileRef = DBABF0282C25440100A3CB37 /* UIImage+Extension.swift */; };
		DBABF02B2C2560E700A3CB37 /* WorkspaceCreateRequestDTO.swift in Sources */ = {isa = PBXBuildFile; fileRef = DBABF02A2C2560E700A3CB37 /* WorkspaceCreateRequestDTO.swift */; };
		DBC567DB2C184A0300444E98 /* NavigationBarModifierView.swift in Sources */ = {isa = PBXBuildFile; fileRef = DBC567DA2C184A0300444E98 /* NavigationBarModifierView.swift */; };
		DBC567DD2C184C0100444E98 /* EmailLoginView.swift in Sources */ = {isa = PBXBuildFile; fileRef = DBC567DC2C184C0100444E98 /* EmailLoginView.swift */; };
		DBC567DF2C184DBE00444E98 /* EmailLoginFeature.swift in Sources */ = {isa = PBXBuildFile; fileRef = DBC567DE2C184DBE00444E98 /* EmailLoginFeature.swift */; };
		DBC567E12C184E4400444E98 /* LoginView.swift in Sources */ = {isa = PBXBuildFile; fileRef = DBC567E02C184E4400444E98 /* LoginView.swift */; };
		DBC567E32C1A9AD400444E98 /* EmailLoginRequestDTO.swift in Sources */ = {isa = PBXBuildFile; fileRef = DBC567E22C1A9AD400444E98 /* EmailLoginRequestDTO.swift */; };
		DBC567E52C1AA54E00444E98 /* AppleLoginRequestDTO.swift in Sources */ = {isa = PBXBuildFile; fileRef = DBC567E42C1AA54E00444E98 /* AppleLoginRequestDTO.swift */; };
		DBC567E72C1AD3C900444E98 /* Utils.swift in Sources */ = {isa = PBXBuildFile; fileRef = DBC567E62C1AD3C900444E98 /* Utils.swift */; };
		DBD0758B2C1B273500678DAB /* KakaoSDK in Frameworks */ = {isa = PBXBuildFile; productRef = DBD0758A2C1B273500678DAB /* KakaoSDK */; };
		DBD0758D2C1B61FB00678DAB /* KakaoLoginRequestDTO.swift in Sources */ = {isa = PBXBuildFile; fileRef = DBD0758C2C1B61FB00678DAB /* KakaoLoginRequestDTO.swift */; };
		DBEA520D2C207DA200026926 /* RefreshResponseDTO+Mapping.swift in Sources */ = {isa = PBXBuildFile; fileRef = DBEA520C2C207DA200026926 /* RefreshResponseDTO+Mapping.swift */; };
		DBEA52112C207E6400026926 /* RefreshRequestDTO.swift in Sources */ = {isa = PBXBuildFile; fileRef = DBEA52102C207E6400026926 /* RefreshRequestDTO.swift */; };
		DBEA52132C20872D00026926 /* ProfileResponseDTO+Mapping.swift in Sources */ = {isa = PBXBuildFile; fileRef = DBEA52122C20872D00026926 /* ProfileResponseDTO+Mapping.swift */; };
		DBEA52152C208FF900026926 /* HomeInitialView.swift in Sources */ = {isa = PBXBuildFile; fileRef = DBEA52142C208FF900026926 /* HomeInitialView.swift */; };
		DBEA52172C23004000026926 /* HomeInitialFeature.swift in Sources */ = {isa = PBXBuildFile; fileRef = DBEA52162C23004000026926 /* HomeInitialFeature.swift */; };
		DBEA52192C23085E00026926 /* HomeInitialCoordinator.swift in Sources */ = {isa = PBXBuildFile; fileRef = DBEA52182C23085E00026926 /* HomeInitialCoordinator.swift */; };
		DBEA521E2C23EB9800026926 /* WorkspaceAddView.swift in Sources */ = {isa = PBXBuildFile; fileRef = DBEA521D2C23EB9800026926 /* WorkspaceAddView.swift */; };
		DBEA52202C23EBA500026926 /* WorkspaceAddFeature.swift in Sources */ = {isa = PBXBuildFile; fileRef = DBEA521F2C23EBA500026926 /* WorkspaceAddFeature.swift */; };
		DBEA52242C23FCA200026926 /* ValidTest.swift in Sources */ = {isa = PBXBuildFile; fileRef = DBEA52232C23FCA200026926 /* ValidTest.swift */; };
		DBEA52262C241AF200026926 /* HomeEmptyCoordinator.swift in Sources */ = {isa = PBXBuildFile; fileRef = DBEA52252C241AF200026926 /* HomeEmptyCoordinator.swift */; };
		DBEA52282C241B0000026926 /* WorkspaceTabCoordinator.swift in Sources */ = {isa = PBXBuildFile; fileRef = DBEA52272C241B0000026926 /* WorkspaceTabCoordinator.swift */; };
		DBEA522A2C2428DB00026926 /* WorkspaceRouter.swift in Sources */ = {isa = PBXBuildFile; fileRef = DBEA52292C2428DB00026926 /* WorkspaceRouter.swift */; };
		DBEA522C2C25341600026926 /* WorkspaceResponseDTO+Mapping.swift in Sources */ = {isa = PBXBuildFile; fileRef = DBEA522B2C25341600026926 /* WorkspaceResponseDTO+Mapping.swift */; };
		DBEA522E2C2534E700026926 /* Workspace.swift in Sources */ = {isa = PBXBuildFile; fileRef = DBEA522D2C2534E700026926 /* Workspace.swift */; };
		DBF386192C1BF70800A08152 /* SplashView.swift in Sources */ = {isa = PBXBuildFile; fileRef = DBF386182C1BF70800A08152 /* SplashView.swift */; };
		DBF386222C1BFAD000A08152 /* TCACoordinators in Frameworks */ = {isa = PBXBuildFile; productRef = DBF386212C1BFAD000A08152 /* TCACoordinators */; };
		DBF386262C1C090400A08152 /* HomeView.swift in Sources */ = {isa = PBXBuildFile; fileRef = DBF386252C1C090400A08152 /* HomeView.swift */; };
		DBF386312C1C31C500A08152 /* OnboardingCoordinator.swift in Sources */ = {isa = PBXBuildFile; fileRef = DBF386302C1C31C500A08152 /* OnboardingCoordinator.swift */; };
		DBF85C192C0DF5FB00CDFA04 /* TeamsApp.swift in Sources */ = {isa = PBXBuildFile; fileRef = DBF85C182C0DF5FB00CDFA04 /* TeamsApp.swift */; };
		DBF85C1D2C0DF5FC00CDFA04 /* Assets.xcassets in Resources */ = {isa = PBXBuildFile; fileRef = DBF85C1C2C0DF5FC00CDFA04 /* Assets.xcassets */; };
		DBF85C202C0DF5FC00CDFA04 /* Preview Assets.xcassets in Resources */ = {isa = PBXBuildFile; fileRef = DBF85C1F2C0DF5FC00CDFA04 /* Preview Assets.xcassets */; };
		DBF85C282C0DF68D00CDFA04 /* .gitignore in Resources */ = {isa = PBXBuildFile; fileRef = DBF85C272C0DF68D00CDFA04 /* .gitignore */; };
		DBF85C2B2C0DF71300CDFA04 /* ComposableArchitecture in Frameworks */ = {isa = PBXBuildFile; productRef = DBF85C2A2C0DF71300CDFA04 /* ComposableArchitecture */; };
/* End PBXBuildFile section */

/* Begin PBXFileReference section */
		DB085B4B2C0DFB2000199065 /* OnboardingView.swift */ = {isa = PBXFileReference; lastKnownFileType = sourcecode.swift; path = OnboardingView.swift; sourceTree = "<group>"; };
		DB085B4F2C0DFB9F00199065 /* OnboardingFeature.swift */ = {isa = PBXFileReference; lastKnownFileType = sourcecode.swift; path = OnboardingFeature.swift; sourceTree = "<group>"; };
		DB085B562C0E05CD00199065 /* Font.swift */ = {isa = PBXFileReference; lastKnownFileType = sourcecode.swift; path = Font.swift; sourceTree = "<group>"; };
		DB085B582C0E104A00199065 /* AuthFeature.swift */ = {isa = PBXFileReference; lastKnownFileType = sourcecode.swift; path = AuthFeature.swift; sourceTree = "<group>"; };
		DB085B5A2C0E106B00199065 /* AuthView.swift */ = {isa = PBXFileReference; lastKnownFileType = sourcecode.swift; path = AuthView.swift; sourceTree = "<group>"; };
		DB085B612C0ED09700199065 /* SignUpView.swift */ = {isa = PBXFileReference; lastKnownFileType = sourcecode.swift; path = SignUpView.swift; sourceTree = "<group>"; };
		DB085B632C0ED0A500199065 /* SignUpFeature.swift */ = {isa = PBXFileReference; lastKnownFileType = sourcecode.swift; path = SignUpFeature.swift; sourceTree = "<group>"; };
		DB0B9D7C2C1833D800C5C150 /* HomeFeature.swift */ = {isa = PBXFileReference; lastKnownFileType = sourcecode.swift; path = HomeFeature.swift; sourceTree = "<group>"; };
		DB119BAA2C32E85500E47A53 /* PopupButtonView.swift */ = {isa = PBXFileReference; lastKnownFileType = sourcecode.swift; path = PopupButtonView.swift; sourceTree = "<group>"; };
		DB119BAF2C3306A400E47A53 /* WorkspaceRemoveResponseDTO.swift */ = {isa = PBXFileReference; lastKnownFileType = sourcecode.swift; path = WorkspaceRemoveResponseDTO.swift; sourceTree = "<group>"; };
		DB119BB32C33AF5700E47A53 /* WorkspaceIDDTO.swift */ = {isa = PBXFileReference; lastKnownFileType = sourcecode.swift; path = WorkspaceIDDTO.swift; sourceTree = "<group>"; };
		DB11F5C32C1D9A1000D84619 /* MainCoordinator.swift */ = {isa = PBXFileReference; lastKnownFileType = sourcecode.swift; path = MainCoordinator.swift; sourceTree = "<group>"; };
		DB23BCFB2C2062C000A9C193 /* WorkspaceCoordinator.swift */ = {isa = PBXFileReference; lastKnownFileType = sourcecode.swift; path = WorkspaceCoordinator.swift; sourceTree = "<group>"; };
		DB23BCFD2C20638300A9C193 /* HomeEmptyView.swift */ = {isa = PBXFileReference; lastKnownFileType = sourcecode.swift; path = HomeEmptyView.swift; sourceTree = "<group>"; };
		DB23BCFF2C206F9100A9C193 /* HomeEmptyFeature.swift */ = {isa = PBXFileReference; lastKnownFileType = sourcecode.swift; path = HomeEmptyFeature.swift; sourceTree = "<group>"; };
		DB25660E2C33D04400D34BEB /* WorkspaceEditView.swift */ = {isa = PBXFileReference; lastKnownFileType = sourcecode.swift; path = WorkspaceEditView.swift; sourceTree = "<group>"; };
		DB2566102C33D06800D34BEB /* WorkspaceEditFeature.swift */ = {isa = PBXFileReference; lastKnownFileType = sourcecode.swift; path = WorkspaceEditFeature.swift; sourceTree = "<group>"; };
		DB2566122C352B8800D34BEB /* SideMenuScreen.swift */ = {isa = PBXFileReference; lastKnownFileType = sourcecode.swift; path = SideMenuScreen.swift; sourceTree = "<group>"; };
		DB2566142C352BB200D34BEB /* SideMenuScreen+Identifiable.swift */ = {isa = PBXFileReference; lastKnownFileType = sourcecode.swift; path = "SideMenuScreen+Identifiable.swift"; sourceTree = "<group>"; };
		DB2FB0A42C329AD70091B6CE /* WorkspaceListItemView.swift */ = {isa = PBXFileReference; lastKnownFileType = sourcecode.swift; path = WorkspaceListItemView.swift; sourceTree = "<group>"; };
		DB37633B2C29C664009A201B /* HomeCoordinator.swift */ = {isa = PBXFileReference; lastKnownFileType = sourcecode.swift; path = HomeCoordinator.swift; sourceTree = "<group>"; };
		DB4B780A2C105A8100350F04 /* UserRouter.swift */ = {isa = PBXFileReference; lastKnownFileType = sourcecode.swift; path = UserRouter.swift; sourceTree = "<group>"; };
		DB4B78112C105C3100350F04 /* HTTPHeader.swift */ = {isa = PBXFileReference; fileEncoding = 4; lastKnownFileType = sourcecode.swift; path = HTTPHeader.swift; sourceTree = "<group>"; };
		DB4B78132C105C4F00350F04 /* APIKey.swift */ = {isa = PBXFileReference; fileEncoding = 4; lastKnownFileType = sourcecode.swift; path = APIKey.swift; sourceTree = "<group>"; };
		DB5A3B2B2C0EFC4E00463E0B /* View+Extension.swift */ = {isa = PBXFileReference; lastKnownFileType = sourcecode.swift; path = "View+Extension.swift"; sourceTree = "<group>"; };
		DB5AADB82C12ED2E002907B6 /* ToastView.swift */ = {isa = PBXFileReference; lastKnownFileType = sourcecode.swift; path = ToastView.swift; sourceTree = "<group>"; };
		DB5AADBA2C1300DD002907B6 /* InputView.swift */ = {isa = PBXFileReference; lastKnownFileType = sourcecode.swift; path = InputView.swift; sourceTree = "<group>"; };
		DB5AADBC2C16AA59002907B6 /* AuthManager.swift */ = {isa = PBXFileReference; fileEncoding = 4; lastKnownFileType = sourcecode.swift; path = AuthManager.swift; sourceTree = "<group>"; };
		DB5AADBE2C16AA73002907B6 /* TargetType.swift */ = {isa = PBXFileReference; fileEncoding = 4; lastKnownFileType = sourcecode.swift; path = TargetType.swift; sourceTree = "<group>"; };
		DB5AADC72C16AC7F002907B6 /* UserDefaultManager.swift */ = {isa = PBXFileReference; fileEncoding = 4; lastKnownFileType = sourcecode.swift; path = UserDefaultManager.swift; sourceTree = "<group>"; };
		DB5AADCC2C16B0BC002907B6 /* EmailValidationRequestDTO.swift */ = {isa = PBXFileReference; lastKnownFileType = sourcecode.swift; path = EmailValidationRequestDTO.swift; sourceTree = "<group>"; };
		DB5AADD02C16C4CB002907B6 /* NetworkManager.swift */ = {isa = PBXFileReference; lastKnownFileType = sourcecode.swift; path = NetworkManager.swift; sourceTree = "<group>"; };
		DB5AADD22C16DCAB002907B6 /* EmailValidationResponseDTO.swift */ = {isa = PBXFileReference; lastKnownFileType = sourcecode.swift; path = EmailValidationResponseDTO.swift; sourceTree = "<group>"; };
		DB5AADD42C172617002907B6 /* Info.plist */ = {isa = PBXFileReference; lastKnownFileType = text.plist.xml; path = Info.plist; sourceTree = "<group>"; };
		DB5AADD52C172AF7002907B6 /* ErrorResponseDTO.swift */ = {isa = PBXFileReference; lastKnownFileType = sourcecode.swift; path = ErrorResponseDTO.swift; sourceTree = "<group>"; };
		DB5AADD72C172C64002907B6 /* APIError.swift */ = {isa = PBXFileReference; lastKnownFileType = sourcecode.swift; path = APIError.swift; sourceTree = "<group>"; };
		DB5AADDC2C173DD0002907B6 /* InputFeature.swift */ = {isa = PBXFileReference; lastKnownFileType = sourcecode.swift; path = InputFeature.swift; sourceTree = "<group>"; };
		DB5AADDE2C180E0F002907B6 /* JoinRequestDTO.swift */ = {isa = PBXFileReference; lastKnownFileType = sourcecode.swift; path = JoinRequestDTO.swift; sourceTree = "<group>"; };
		DB5AADE12C180F73002907B6 /* TeamsAppDelegate.swift */ = {isa = PBXFileReference; lastKnownFileType = sourcecode.swift; path = TeamsAppDelegate.swift; sourceTree = "<group>"; };
		DB5AADE32C180FED002907B6 /* JoinResponseDTO+Mapping.swift */ = {isa = PBXFileReference; lastKnownFileType = sourcecode.swift; path = "JoinResponseDTO+Mapping.swift"; sourceTree = "<group>"; };
		DB5AADE62C181427002907B6 /* Join.swift */ = {isa = PBXFileReference; lastKnownFileType = sourcecode.swift; path = Join.swift; sourceTree = "<group>"; };
		DB5AADE82C1818ED002907B6 /* Token.swift */ = {isa = PBXFileReference; lastKnownFileType = sourcecode.swift; path = Token.swift; sourceTree = "<group>"; };
		DB5AADEA2C1821C6002907B6 /* Teams.entitlements */ = {isa = PBXFileReference; lastKnownFileType = text.plist.entitlements; path = Teams.entitlements; sourceTree = "<group>"; };
		DB717EDF2C27FCA6003C59ED /* Notification.Name+Extension.swift */ = {isa = PBXFileReference; fileEncoding = 4; lastKnownFileType = sourcecode.swift; path = "Notification.Name+Extension.swift"; sourceTree = "<group>"; };
		DB717EE22C293D13003C59ED /* SideMenuView.swift */ = {isa = PBXFileReference; lastKnownFileType = sourcecode.swift; path = SideMenuView.swift; sourceTree = "<group>"; };
		DB717EE62C299E71003C59ED /* SideMenuFeature.swift */ = {isa = PBXFileReference; lastKnownFileType = sourcecode.swift; path = SideMenuFeature.swift; sourceTree = "<group>"; };
		DB717EE82C299F1B003C59ED /* SideMenuCoordinator.swift */ = {isa = PBXFileReference; lastKnownFileType = sourcecode.swift; path = SideMenuCoordinator.swift; sourceTree = "<group>"; };
		DB9A7E1E2C2D3710007C4E3F /* Formatter+Extension.swift */ = {isa = PBXFileReference; fileEncoding = 4; lastKnownFileType = sourcecode.swift; path = "Formatter+Extension.swift"; sourceTree = "<group>"; };
		DBABF0282C25440100A3CB37 /* UIImage+Extension.swift */ = {isa = PBXFileReference; lastKnownFileType = sourcecode.swift; path = "UIImage+Extension.swift"; sourceTree = "<group>"; };
		DBABF02A2C2560E700A3CB37 /* WorkspaceCreateRequestDTO.swift */ = {isa = PBXFileReference; lastKnownFileType = sourcecode.swift; path = WorkspaceCreateRequestDTO.swift; sourceTree = "<group>"; };
		DBC567DA2C184A0300444E98 /* NavigationBarModifierView.swift */ = {isa = PBXFileReference; lastKnownFileType = sourcecode.swift; path = NavigationBarModifierView.swift; sourceTree = "<group>"; };
		DBC567DC2C184C0100444E98 /* EmailLoginView.swift */ = {isa = PBXFileReference; lastKnownFileType = sourcecode.swift; path = EmailLoginView.swift; sourceTree = "<group>"; };
		DBC567DE2C184DBE00444E98 /* EmailLoginFeature.swift */ = {isa = PBXFileReference; lastKnownFileType = sourcecode.swift; path = EmailLoginFeature.swift; sourceTree = "<group>"; };
		DBC567E02C184E4400444E98 /* LoginView.swift */ = {isa = PBXFileReference; lastKnownFileType = sourcecode.swift; path = LoginView.swift; sourceTree = "<group>"; };
		DBC567E22C1A9AD400444E98 /* EmailLoginRequestDTO.swift */ = {isa = PBXFileReference; lastKnownFileType = sourcecode.swift; path = EmailLoginRequestDTO.swift; sourceTree = "<group>"; };
		DBC567E42C1AA54E00444E98 /* AppleLoginRequestDTO.swift */ = {isa = PBXFileReference; lastKnownFileType = sourcecode.swift; path = AppleLoginRequestDTO.swift; sourceTree = "<group>"; };
		DBC567E62C1AD3C900444E98 /* Utils.swift */ = {isa = PBXFileReference; lastKnownFileType = sourcecode.swift; path = Utils.swift; sourceTree = "<group>"; };
		DBD0758C2C1B61FB00678DAB /* KakaoLoginRequestDTO.swift */ = {isa = PBXFileReference; lastKnownFileType = sourcecode.swift; path = KakaoLoginRequestDTO.swift; sourceTree = "<group>"; };
		DBEA520C2C207DA200026926 /* RefreshResponseDTO+Mapping.swift */ = {isa = PBXFileReference; lastKnownFileType = sourcecode.swift; path = "RefreshResponseDTO+Mapping.swift"; sourceTree = "<group>"; };
		DBEA52102C207E6400026926 /* RefreshRequestDTO.swift */ = {isa = PBXFileReference; lastKnownFileType = sourcecode.swift; path = RefreshRequestDTO.swift; sourceTree = "<group>"; };
		DBEA52122C20872D00026926 /* ProfileResponseDTO+Mapping.swift */ = {isa = PBXFileReference; lastKnownFileType = sourcecode.swift; path = "ProfileResponseDTO+Mapping.swift"; sourceTree = "<group>"; };
		DBEA52142C208FF900026926 /* HomeInitialView.swift */ = {isa = PBXFileReference; lastKnownFileType = sourcecode.swift; path = HomeInitialView.swift; sourceTree = "<group>"; };
		DBEA52162C23004000026926 /* HomeInitialFeature.swift */ = {isa = PBXFileReference; lastKnownFileType = sourcecode.swift; path = HomeInitialFeature.swift; sourceTree = "<group>"; };
		DBEA52182C23085E00026926 /* HomeInitialCoordinator.swift */ = {isa = PBXFileReference; lastKnownFileType = sourcecode.swift; path = HomeInitialCoordinator.swift; sourceTree = "<group>"; };
		DBEA521D2C23EB9800026926 /* WorkspaceAddView.swift */ = {isa = PBXFileReference; lastKnownFileType = sourcecode.swift; path = WorkspaceAddView.swift; sourceTree = "<group>"; };
		DBEA521F2C23EBA500026926 /* WorkspaceAddFeature.swift */ = {isa = PBXFileReference; lastKnownFileType = sourcecode.swift; path = WorkspaceAddFeature.swift; sourceTree = "<group>"; };
		DBEA52232C23FCA200026926 /* ValidTest.swift */ = {isa = PBXFileReference; lastKnownFileType = sourcecode.swift; path = ValidTest.swift; sourceTree = "<group>"; };
		DBEA52252C241AF200026926 /* HomeEmptyCoordinator.swift */ = {isa = PBXFileReference; lastKnownFileType = sourcecode.swift; path = HomeEmptyCoordinator.swift; sourceTree = "<group>"; };
		DBEA52272C241B0000026926 /* WorkspaceTabCoordinator.swift */ = {isa = PBXFileReference; lastKnownFileType = sourcecode.swift; path = WorkspaceTabCoordinator.swift; sourceTree = "<group>"; };
		DBEA52292C2428DB00026926 /* WorkspaceRouter.swift */ = {isa = PBXFileReference; lastKnownFileType = sourcecode.swift; path = WorkspaceRouter.swift; sourceTree = "<group>"; };
		DBEA522B2C25341600026926 /* WorkspaceResponseDTO+Mapping.swift */ = {isa = PBXFileReference; lastKnownFileType = sourcecode.swift; path = "WorkspaceResponseDTO+Mapping.swift"; sourceTree = "<group>"; };
		DBEA522D2C2534E700026926 /* Workspace.swift */ = {isa = PBXFileReference; lastKnownFileType = sourcecode.swift; path = Workspace.swift; sourceTree = "<group>"; };
		DBF386182C1BF70800A08152 /* SplashView.swift */ = {isa = PBXFileReference; lastKnownFileType = sourcecode.swift; path = SplashView.swift; sourceTree = "<group>"; };
		DBF386252C1C090400A08152 /* HomeView.swift */ = {isa = PBXFileReference; lastKnownFileType = sourcecode.swift; path = HomeView.swift; sourceTree = "<group>"; };
		DBF386302C1C31C500A08152 /* OnboardingCoordinator.swift */ = {isa = PBXFileReference; lastKnownFileType = sourcecode.swift; path = OnboardingCoordinator.swift; sourceTree = "<group>"; };
		DBF85C152C0DF5FB00CDFA04 /* Teams.app */ = {isa = PBXFileReference; explicitFileType = wrapper.application; includeInIndex = 0; path = Teams.app; sourceTree = BUILT_PRODUCTS_DIR; };
		DBF85C182C0DF5FB00CDFA04 /* TeamsApp.swift */ = {isa = PBXFileReference; lastKnownFileType = sourcecode.swift; path = TeamsApp.swift; sourceTree = "<group>"; };
		DBF85C1C2C0DF5FC00CDFA04 /* Assets.xcassets */ = {isa = PBXFileReference; lastKnownFileType = folder.assetcatalog; path = Assets.xcassets; sourceTree = "<group>"; };
		DBF85C1F2C0DF5FC00CDFA04 /* Preview Assets.xcassets */ = {isa = PBXFileReference; lastKnownFileType = folder.assetcatalog; path = "Preview Assets.xcassets"; sourceTree = "<group>"; };
		DBF85C272C0DF68D00CDFA04 /* .gitignore */ = {isa = PBXFileReference; fileEncoding = 4; lastKnownFileType = text; path = .gitignore; sourceTree = "<group>"; };
/* End PBXFileReference section */

/* Begin PBXFrameworksBuildPhase section */
		DBF85C122C0DF5FB00CDFA04 /* Frameworks */ = {
			isa = PBXFrameworksBuildPhase;
			buildActionMask = 2147483647;
			files = (
				DB5AADC52C16AB9D002907B6 /* Kingfisher in Frameworks */,
				DBD0758B2C1B273500678DAB /* KakaoSDK in Frameworks */,
				DB5AADB52C12E4F1002907B6 /* PopupView in Frameworks */,
				DB5AADC22C16AB03002907B6 /* Alamofire in Frameworks */,
				DBF386222C1BFAD000A08152 /* TCACoordinators in Frameworks */,
				DBF85C2B2C0DF71300CDFA04 /* ComposableArchitecture in Frameworks */,
			);
			runOnlyForDeploymentPostprocessing = 0;
		};
/* End PBXFrameworksBuildPhase section */

/* Begin PBXGroup section */
		DB085B4A2C0DFAFC00199065 /* Onbaording */ = {
			isa = PBXGroup;
			children = (
				DBF3862F2C1C31AD00A08152 /* Coordinator */,
				DB085B4D2C0DFB2400199065 /* Views */,
				DB085B4E2C0DFB2800199065 /* Feature */,
			);
			path = Onbaording;
			sourceTree = "<group>";
		};
		DB085B4D2C0DFB2400199065 /* Views */ = {
			isa = PBXGroup;
			children = (
				DB085B4B2C0DFB2000199065 /* OnboardingView.swift */,
				DB085B5A2C0E106B00199065 /* AuthView.swift */,
				DB085B612C0ED09700199065 /* SignUpView.swift */,
				DBC567DC2C184C0100444E98 /* EmailLoginView.swift */,
			);
			path = Views;
			sourceTree = "<group>";
		};
		DB085B4E2C0DFB2800199065 /* Feature */ = {
			isa = PBXGroup;
			children = (
				DB085B4F2C0DFB9F00199065 /* OnboardingFeature.swift */,
				DB085B582C0E104A00199065 /* AuthFeature.swift */,
				DB085B632C0ED0A500199065 /* SignUpFeature.swift */,
				DBC567DE2C184DBE00444E98 /* EmailLoginFeature.swift */,
			);
			path = Feature;
			sourceTree = "<group>";
		};
		DB085B512C0DFE7D00199065 /* DesignSystem */ = {
			isa = PBXGroup;
			children = (
				DB085B532C0DFEB600199065 /* Font */,
			);
			path = DesignSystem;
			sourceTree = "<group>";
		};
		DB085B532C0DFEB600199065 /* Font */ = {
			isa = PBXGroup;
			children = (
				DB085B562C0E05CD00199065 /* Font.swift */,
			);
			path = Font;
			sourceTree = "<group>";
		};
		DB0B9D772C18339C00C5C150 /* Workspace */ = {
			isa = PBXGroup;
			children = (
				DBF386282C1C12DC00A08152 /* Coordinator */,
				DB717EE12C293D08003C59ED /* SideMenu */,
				DBF386272C1C12CA00A08152 /* Home */,
				DBEA521A2C231D4A00026926 /* Add */,
				DB25660B2C33CFEF00D34BEB /* Edit */,
			);
			path = Workspace;
			sourceTree = "<group>";
		};
		DB0B9D782C1833C200C5C150 /* View */ = {
			isa = PBXGroup;
			children = (
				DBF386252C1C090400A08152 /* HomeView.swift */,
				DB23BCFD2C20638300A9C193 /* HomeEmptyView.swift */,
				DBEA52142C208FF900026926 /* HomeInitialView.swift */,
			);
			path = View;
			sourceTree = "<group>";
		};
		DB0B9D792C1833C700C5C150 /* Feature */ = {
			isa = PBXGroup;
			children = (
				DB0B9D7C2C1833D800C5C150 /* HomeFeature.swift */,
				DB23BCFF2C206F9100A9C193 /* HomeEmptyFeature.swift */,
				DBEA52162C23004000026926 /* HomeInitialFeature.swift */,
			);
			path = Feature;
			sourceTree = "<group>";
		};
		DB119BAC2C33066100E47A53 /* Workspace */ = {
			isa = PBXGroup;
			children = (
				DB119BAD2C33066800E47A53 /* Response */,
				DB119BAE2C33066E00E47A53 /* Request */,
			);
			path = Workspace;
			sourceTree = "<group>";
		};
		DB119BAD2C33066800E47A53 /* Response */ = {
			isa = PBXGroup;
			children = (
				DBEA522B2C25341600026926 /* WorkspaceResponseDTO+Mapping.swift */,
				DBEA52122C20872D00026926 /* ProfileResponseDTO+Mapping.swift */,
				DB119BAF2C3306A400E47A53 /* WorkspaceRemoveResponseDTO.swift */,
			);
			path = Response;
			sourceTree = "<group>";
		};
		DB119BAE2C33066E00E47A53 /* Request */ = {
			isa = PBXGroup;
			children = (
				DBABF02A2C2560E700A3CB37 /* WorkspaceCreateRequestDTO.swift */,
				DB119BB32C33AF5700E47A53 /* WorkspaceIDDTO.swift */,
			);
			path = Request;
			sourceTree = "<group>";
		};
		DB11F5C22C1D99F800D84619 /* Coordinator */ = {
			isa = PBXGroup;
			children = (
				DB11F5C32C1D9A1000D84619 /* MainCoordinator.swift */,
			);
			path = Coordinator;
			sourceTree = "<group>";
		};
		DB25660B2C33CFEF00D34BEB /* Edit */ = {
			isa = PBXGroup;
			children = (
				DB25660C2C33D01500D34BEB /* View */,
				DB25660D2C33D01800D34BEB /* Feature */,
			);
			path = Edit;
			sourceTree = "<group>";
		};
		DB25660C2C33D01500D34BEB /* View */ = {
			isa = PBXGroup;
			children = (
				DB25660E2C33D04400D34BEB /* WorkspaceEditView.swift */,
			);
			path = View;
			sourceTree = "<group>";
		};
		DB25660D2C33D01800D34BEB /* Feature */ = {
			isa = PBXGroup;
			children = (
				DB2566102C33D06800D34BEB /* WorkspaceEditFeature.swift */,
			);
			path = Feature;
			sourceTree = "<group>";
		};
		DB37633E2C29CADA009A201B /* Coordinator */ = {
			isa = PBXGroup;
			children = (
				DBEA52252C241AF200026926 /* HomeEmptyCoordinator.swift */,
				DBEA52182C23085E00026926 /* HomeInitialCoordinator.swift */,
				DB37633B2C29C664009A201B /* HomeCoordinator.swift */,
			);
			path = Coordinator;
			sourceTree = "<group>";
		};
		DB37633F2C29CAE2009A201B /* Coordinator */ = {
			isa = PBXGroup;
			children = (
				DB717EE82C299F1B003C59ED /* SideMenuCoordinator.swift */,
				DB2566122C352B8800D34BEB /* SideMenuScreen.swift */,
				DB2566142C352BB200D34BEB /* SideMenuScreen+Identifiable.swift */,
			);
			path = Coordinator;
			sourceTree = "<group>";
		};
		DB4B78072C10583200350F04 /* Data */ = {
			isa = PBXGroup;
			children = (
				DB5AADE52C181366002907B6 /* Entity */,
				DB5AADCB2C16B036002907B6 /* DataMapping */,
				DB5AADC62C16AC74002907B6 /* UserDfeault */,
				DB4B78082C105A3600350F04 /* Network */,
			);
			path = Data;
			sourceTree = "<group>";
		};
		DB4B78082C105A3600350F04 /* Network */ = {
			isa = PBXGroup;
			children = (
				DB4B78092C105A4500350F04 /* Router */,
				DB4B78112C105C3100350F04 /* HTTPHeader.swift */,
				DB4B78132C105C4F00350F04 /* APIKey.swift */,
				DB5AADBC2C16AA59002907B6 /* AuthManager.swift */,
				DB5AADBE2C16AA73002907B6 /* TargetType.swift */,
				DB5AADD02C16C4CB002907B6 /* NetworkManager.swift */,
				DB5AADD72C172C64002907B6 /* APIError.swift */,
			);
			path = Network;
			sourceTree = "<group>";
		};
		DB4B78092C105A4500350F04 /* Router */ = {
			isa = PBXGroup;
			children = (
				DB4B780A2C105A8100350F04 /* UserRouter.swift */,
				DBEA52292C2428DB00026926 /* WorkspaceRouter.swift */,
			);
			path = Router;
			sourceTree = "<group>";
		};
		DB4B780E2C105BDC00350F04 /* Protocol */ = {
			isa = PBXGroup;
			children = (
			);
			path = Protocol;
			sourceTree = "<group>";
		};
		DB5A3B2A2C0EFC0300463E0B /* Extension */ = {
			isa = PBXGroup;
			children = (
				DB5A3B2B2C0EFC4E00463E0B /* View+Extension.swift */,
				DBABF0282C25440100A3CB37 /* UIImage+Extension.swift */,
				DB717EDF2C27FCA6003C59ED /* Notification.Name+Extension.swift */,
				DB9A7E1E2C2D3710007C4E3F /* Formatter+Extension.swift */,
			);
			path = Extension;
			sourceTree = "<group>";
		};
		DB5A3B2D2C100DE800463E0B /* Custom */ = {
			isa = PBXGroup;
			children = (
				DB5AADDA2C173DB4002907B6 /* View */,
				DB5AADDB2C173DBA002907B6 /* Feature */,
			);
			path = Custom;
			sourceTree = "<group>";
		};
		DB5AADC62C16AC74002907B6 /* UserDfeault */ = {
			isa = PBXGroup;
			children = (
				DB5AADC72C16AC7F002907B6 /* UserDefaultManager.swift */,
			);
			path = UserDfeault;
			sourceTree = "<group>";
		};
		DB5AADCB2C16B036002907B6 /* DataMapping */ = {
			isa = PBXGroup;
			children = (
				DB119BAC2C33066100E47A53 /* Workspace */,
				DB5AADE02C180E16002907B6 /* User */,
			);
			path = DataMapping;
			sourceTree = "<group>";
		};
		DB5AADDA2C173DB4002907B6 /* View */ = {
			isa = PBXGroup;
			children = (
				DB5AADB82C12ED2E002907B6 /* ToastView.swift */,
				DB5AADBA2C1300DD002907B6 /* InputView.swift */,
				DBC567DA2C184A0300444E98 /* NavigationBarModifierView.swift */,
				DBC567E02C184E4400444E98 /* LoginView.swift */,
				DB2FB0A42C329AD70091B6CE /* WorkspaceListItemView.swift */,
				DB119BAA2C32E85500E47A53 /* PopupButtonView.swift */,
			);
			path = View;
			sourceTree = "<group>";
		};
		DB5AADDB2C173DBA002907B6 /* Feature */ = {
			isa = PBXGroup;
			children = (
				DB5AADDC2C173DD0002907B6 /* InputFeature.swift */,
			);
			path = Feature;
			sourceTree = "<group>";
		};
		DB5AADE02C180E16002907B6 /* User */ = {
			isa = PBXGroup;
			children = (
				DBEA520F2C207DD200026926 /* Response */,
				DBEA520E2C207DCD00026926 /* Request */,
			);
			path = User;
			sourceTree = "<group>";
		};
		DB5AADE52C181366002907B6 /* Entity */ = {
			isa = PBXGroup;
			children = (
				DB5AADE62C181427002907B6 /* Join.swift */,
				DB5AADE82C1818ED002907B6 /* Token.swift */,
				DBEA522D2C2534E700026926 /* Workspace.swift */,
			);
			path = Entity;
			sourceTree = "<group>";
		};
		DB717EE12C293D08003C59ED /* SideMenu */ = {
			isa = PBXGroup;
			children = (
				DB37633F2C29CAE2009A201B /* Coordinator */,
				DB717EE42C293D17003C59ED /* View */,
				DB717EE52C293D1E003C59ED /* Feature */,
			);
			path = SideMenu;
			sourceTree = "<group>";
		};
		DB717EE42C293D17003C59ED /* View */ = {
			isa = PBXGroup;
			children = (
				DB717EE22C293D13003C59ED /* SideMenuView.swift */,
			);
			path = View;
			sourceTree = "<group>";
		};
		DB717EE52C293D1E003C59ED /* Feature */ = {
			isa = PBXGroup;
			children = (
				DB717EE62C299E71003C59ED /* SideMenuFeature.swift */,
			);
			path = Feature;
			sourceTree = "<group>";
		};
		DBEA520E2C207DCD00026926 /* Request */ = {
			isa = PBXGroup;
			children = (
				DB5AADCC2C16B0BC002907B6 /* EmailValidationRequestDTO.swift */,
				DB5AADDE2C180E0F002907B6 /* JoinRequestDTO.swift */,
				DBC567E22C1A9AD400444E98 /* EmailLoginRequestDTO.swift */,
				DBC567E42C1AA54E00444E98 /* AppleLoginRequestDTO.swift */,
				DBD0758C2C1B61FB00678DAB /* KakaoLoginRequestDTO.swift */,
				DBEA52102C207E6400026926 /* RefreshRequestDTO.swift */,
			);
			path = Request;
			sourceTree = "<group>";
		};
		DBEA520F2C207DD200026926 /* Response */ = {
			isa = PBXGroup;
			children = (
				DB5AADD22C16DCAB002907B6 /* EmailValidationResponseDTO.swift */,
				DB5AADD52C172AF7002907B6 /* ErrorResponseDTO.swift */,
				DB5AADE32C180FED002907B6 /* JoinResponseDTO+Mapping.swift */,
				DBEA520C2C207DA200026926 /* RefreshResponseDTO+Mapping.swift */,
			);
			path = Response;
			sourceTree = "<group>";
		};
		DBEA521A2C231D4A00026926 /* Add */ = {
			isa = PBXGroup;
			children = (
				DBEA521B2C231D5E00026926 /* View */,
				DBEA521C2C231D6200026926 /* Feature */,
			);
			path = Add;
			sourceTree = "<group>";
		};
		DBEA521B2C231D5E00026926 /* View */ = {
			isa = PBXGroup;
			children = (
				DBEA521D2C23EB9800026926 /* WorkspaceAddView.swift */,
			);
			path = View;
			sourceTree = "<group>";
		};
		DBEA521C2C231D6200026926 /* Feature */ = {
			isa = PBXGroup;
			children = (
				DBEA521F2C23EBA500026926 /* WorkspaceAddFeature.swift */,
			);
			path = Feature;
			sourceTree = "<group>";
		};
		DBF386172C1BF6F800A08152 /* RootView */ = {
			isa = PBXGroup;
			children = (
				DB11F5C22C1D99F800D84619 /* Coordinator */,
				DBF3861A2C1BF85C00A08152 /* View */,
			);
			path = RootView;
			sourceTree = "<group>";
		};
		DBF3861A2C1BF85C00A08152 /* View */ = {
			isa = PBXGroup;
			children = (
				DBF386182C1BF70800A08152 /* SplashView.swift */,
			);
			path = View;
			sourceTree = "<group>";
		};
		DBF386272C1C12CA00A08152 /* Home */ = {
			isa = PBXGroup;
			children = (
				DB37633E2C29CADA009A201B /* Coordinator */,
				DB0B9D782C1833C200C5C150 /* View */,
				DB0B9D792C1833C700C5C150 /* Feature */,
			);
			path = Home;
			sourceTree = "<group>";
		};
		DBF386282C1C12DC00A08152 /* Coordinator */ = {
			isa = PBXGroup;
			children = (
				DB23BCFB2C2062C000A9C193 /* WorkspaceCoordinator.swift */,
				DBEA52272C241B0000026926 /* WorkspaceTabCoordinator.swift */,
			);
			path = Coordinator;
			sourceTree = "<group>";
		};
		DBF3862F2C1C31AD00A08152 /* Coordinator */ = {
			isa = PBXGroup;
			children = (
				DBF386302C1C31C500A08152 /* OnboardingCoordinator.swift */,
			);
			path = Coordinator;
			sourceTree = "<group>";
		};
		DBF85C0C2C0DF5FB00CDFA04 = {
			isa = PBXGroup;
			children = (
				DBF85C272C0DF68D00CDFA04 /* .gitignore */,
				DBF85C172C0DF5FB00CDFA04 /* Teams */,
				DBF85C162C0DF5FB00CDFA04 /* Products */,
			);
			sourceTree = "<group>";
		};
		DBF85C162C0DF5FB00CDFA04 /* Products */ = {
			isa = PBXGroup;
			children = (
				DBF85C152C0DF5FB00CDFA04 /* Teams.app */,
			);
			name = Products;
			sourceTree = "<group>";
		};
		DBF85C172C0DF5FB00CDFA04 /* Teams */ = {
			isa = PBXGroup;
			children = (
				DB5AADEA2C1821C6002907B6 /* Teams.entitlements */,
				DB5AADD42C172617002907B6 /* Info.plist */,
				DB4B78072C10583200350F04 /* Data */,
				DBF85C2C2C0DF80E00CDFA04 /* App */,
				DBF85C2D2C0DF82300CDFA04 /* Presentation */,
				DBF85C2E2C0DF84C00CDFA04 /* Resources */,
				DBF85C1E2C0DF5FC00CDFA04 /* Preview Content */,
			);
			path = Teams;
			sourceTree = "<group>";
		};
		DBF85C1E2C0DF5FC00CDFA04 /* Preview Content */ = {
			isa = PBXGroup;
			children = (
				DBF85C1F2C0DF5FC00CDFA04 /* Preview Assets.xcassets */,
			);
			path = "Preview Content";
			sourceTree = "<group>";
		};
		DBF85C2C2C0DF80E00CDFA04 /* App */ = {
			isa = PBXGroup;
			children = (
				DBF85C182C0DF5FB00CDFA04 /* TeamsApp.swift */,
				DB5AADE12C180F73002907B6 /* TeamsAppDelegate.swift */,
			);
			path = App;
			sourceTree = "<group>";
		};
		DBF85C2D2C0DF82300CDFA04 /* Presentation */ = {
			isa = PBXGroup;
			children = (
				DBF386172C1BF6F800A08152 /* RootView */,
				DB0B9D772C18339C00C5C150 /* Workspace */,
				DB5A3B2D2C100DE800463E0B /* Custom */,
				DB085B4A2C0DFAFC00199065 /* Onbaording */,
			);
			path = Presentation;
			sourceTree = "<group>";
		};
		DBF85C2E2C0DF84C00CDFA04 /* Resources */ = {
			isa = PBXGroup;
			children = (
				DB4B780E2C105BDC00350F04 /* Protocol */,
				DB5A3B2A2C0EFC0300463E0B /* Extension */,
				DB085B512C0DFE7D00199065 /* DesignSystem */,
				DBF85C1C2C0DF5FC00CDFA04 /* Assets.xcassets */,
				DBC567E62C1AD3C900444E98 /* Utils.swift */,
				DBEA52232C23FCA200026926 /* ValidTest.swift */,
			);
			path = Resources;
			sourceTree = "<group>";
		};
/* End PBXGroup section */

/* Begin PBXNativeTarget section */
		DBF85C142C0DF5FB00CDFA04 /* Teams */ = {
			isa = PBXNativeTarget;
			buildConfigurationList = DBF85C232C0DF5FC00CDFA04 /* Build configuration list for PBXNativeTarget "Teams" */;
			buildPhases = (
				DBF85C112C0DF5FB00CDFA04 /* Sources */,
				DBF85C122C0DF5FB00CDFA04 /* Frameworks */,
				DBF85C132C0DF5FB00CDFA04 /* Resources */,
			);
			buildRules = (
			);
			dependencies = (
			);
			name = Teams;
			packageProductDependencies = (
				DBF85C2A2C0DF71300CDFA04 /* ComposableArchitecture */,
				DB5AADB42C12E4F1002907B6 /* PopupView */,
				DB5AADC12C16AB03002907B6 /* Alamofire */,
				DB5AADC42C16AB9D002907B6 /* Kingfisher */,
				DBD0758A2C1B273500678DAB /* KakaoSDK */,
				DBF386212C1BFAD000A08152 /* TCACoordinators */,
			);
			productName = Teams;
			productReference = DBF85C152C0DF5FB00CDFA04 /* Teams.app */;
			productType = "com.apple.product-type.application";
		};
/* End PBXNativeTarget section */

/* Begin PBXProject section */
		DBF85C0D2C0DF5FB00CDFA04 /* Project object */ = {
			isa = PBXProject;
			attributes = {
				BuildIndependentTargetsInParallel = 1;
				LastSwiftUpdateCheck = 1540;
				LastUpgradeCheck = 1540;
				TargetAttributes = {
					DBF85C142C0DF5FB00CDFA04 = {
						CreatedOnToolsVersion = 15.4;
					};
				};
			};
			buildConfigurationList = DBF85C102C0DF5FB00CDFA04 /* Build configuration list for PBXProject "Teams" */;
			compatibilityVersion = "Xcode 14.0";
			developmentRegion = en;
			hasScannedForEncodings = 0;
			knownRegions = (
				en,
				Base,
			);
			mainGroup = DBF85C0C2C0DF5FB00CDFA04;
			packageReferences = (
				DBF85C292C0DF71300CDFA04 /* XCRemoteSwiftPackageReference "swift-composable-architecture" */,
				DB5AADB32C12E4F1002907B6 /* XCRemoteSwiftPackageReference "PopupView" */,
				DB5AADC02C16AB03002907B6 /* XCRemoteSwiftPackageReference "Alamofire" */,
				DB5AADC32C16AB9D002907B6 /* XCRemoteSwiftPackageReference "Kingfisher" */,
				DBD075892C1B273500678DAB /* XCRemoteSwiftPackageReference "kakao-ios-sdk" */,
				DBF386202C1BFAD000A08152 /* XCRemoteSwiftPackageReference "TCACoordinators" */,
			);
			productRefGroup = DBF85C162C0DF5FB00CDFA04 /* Products */;
			projectDirPath = "";
			projectRoot = "";
			targets = (
				DBF85C142C0DF5FB00CDFA04 /* Teams */,
			);
		};
/* End PBXProject section */

/* Begin PBXResourcesBuildPhase section */
		DBF85C132C0DF5FB00CDFA04 /* Resources */ = {
			isa = PBXResourcesBuildPhase;
			buildActionMask = 2147483647;
			files = (
				DBF85C202C0DF5FC00CDFA04 /* Preview Assets.xcassets in Resources */,
				DBF85C282C0DF68D00CDFA04 /* .gitignore in Resources */,
				DBF85C1D2C0DF5FC00CDFA04 /* Assets.xcassets in Resources */,
			);
			runOnlyForDeploymentPostprocessing = 0;
		};
/* End PBXResourcesBuildPhase section */

/* Begin PBXSourcesBuildPhase section */
		DBF85C112C0DF5FB00CDFA04 /* Sources */ = {
			isa = PBXSourcesBuildPhase;
			buildActionMask = 2147483647;
			files = (
				DB5AADD12C16C4CB002907B6 /* NetworkManager.swift in Sources */,
				DB5AADB92C12ED2E002907B6 /* ToastView.swift in Sources */,
				DB23BD002C206F9100A9C193 /* HomeEmptyFeature.swift in Sources */,
				DB23BCFE2C20638300A9C193 /* HomeEmptyView.swift in Sources */,
				DB119BB42C33AF5800E47A53 /* WorkspaceIDDTO.swift in Sources */,
				DB5AADBB2C1300DD002907B6 /* InputView.swift in Sources */,
				DBEA52132C20872D00026926 /* ProfileResponseDTO+Mapping.swift in Sources */,
				DBC567DF2C184DBE00444E98 /* EmailLoginFeature.swift in Sources */,
				DBEA522C2C25341600026926 /* WorkspaceResponseDTO+Mapping.swift in Sources */,
				DB2FB0A52C329AD70091B6CE /* WorkspaceListItemView.swift in Sources */,
				DB11F5C42C1D9A1000D84619 /* MainCoordinator.swift in Sources */,
				DBEA522E2C2534E700026926 /* Workspace.swift in Sources */,
				DBEA522A2C2428DB00026926 /* WorkspaceRouter.swift in Sources */,
				DBC567E52C1AA54E00444E98 /* AppleLoginRequestDTO.swift in Sources */,
				DB5AADD32C16DCAB002907B6 /* EmailValidationResponseDTO.swift in Sources */,
				DB085B642C0ED0A500199065 /* SignUpFeature.swift in Sources */,
				DBABF0292C25440100A3CB37 /* UIImage+Extension.swift in Sources */,
				DBEA52282C241B0000026926 /* WorkspaceTabCoordinator.swift in Sources */,
				DB4B780B2C105A8100350F04 /* UserRouter.swift in Sources */,
				DBABF02B2C2560E700A3CB37 /* WorkspaceCreateRequestDTO.swift in Sources */,
				DB717EE92C299F1B003C59ED /* SideMenuCoordinator.swift in Sources */,
				DBEA52202C23EBA500026926 /* WorkspaceAddFeature.swift in Sources */,
				DBF386192C1BF70800A08152 /* SplashView.swift in Sources */,
				DBEA52262C241AF200026926 /* HomeEmptyCoordinator.swift in Sources */,
				DB085B5B2C0E106B00199065 /* AuthView.swift in Sources */,
				DB5AADD62C172AF7002907B6 /* ErrorResponseDTO.swift in Sources */,
				DB4B78142C105C4F00350F04 /* APIKey.swift in Sources */,
				DBF386262C1C090400A08152 /* HomeView.swift in Sources */,
				DBEA520D2C207DA200026926 /* RefreshResponseDTO+Mapping.swift in Sources */,
				DBC567E12C184E4400444E98 /* LoginView.swift in Sources */,
				DBEA521E2C23EB9800026926 /* WorkspaceAddView.swift in Sources */,
				DB2566132C352B8800D34BEB /* SideMenuScreen.swift in Sources */,
				DBEA52152C208FF900026926 /* HomeInitialView.swift in Sources */,
				DB085B572C0E05CD00199065 /* Font.swift in Sources */,
				DBEA52172C23004000026926 /* HomeInitialFeature.swift in Sources */,
				DBEA52192C23085E00026926 /* HomeInitialCoordinator.swift in Sources */,
				DBC567E72C1AD3C900444E98 /* Utils.swift in Sources */,
				DB085B502C0DFB9F00199065 /* OnboardingFeature.swift in Sources */,
				DB119BAB2C32E85500E47A53 /* PopupButtonView.swift in Sources */,
				DBC567DD2C184C0100444E98 /* EmailLoginView.swift in Sources */,
				DB5AADCD2C16B0BC002907B6 /* EmailValidationRequestDTO.swift in Sources */,
				DB2566152C352BB200D34BEB /* SideMenuScreen+Identifiable.swift in Sources */,
				DBC567E32C1A9AD400444E98 /* EmailLoginRequestDTO.swift in Sources */,
				DB25660F2C33D04400D34BEB /* WorkspaceEditView.swift in Sources */,
				DBD0758D2C1B61FB00678DAB /* KakaoLoginRequestDTO.swift in Sources */,
				DB717EE32C293D13003C59ED /* SideMenuView.swift in Sources */,
				DB9A7E1F2C2D3710007C4E3F /* Formatter+Extension.swift in Sources */,
				DB717EE02C27FCA6003C59ED /* Notification.Name+Extension.swift in Sources */,
				DB5AADBD2C16AA59002907B6 /* AuthManager.swift in Sources */,
				DB5AADE22C180F73002907B6 /* TeamsAppDelegate.swift in Sources */,
				DBF386312C1C31C500A08152 /* OnboardingCoordinator.swift in Sources */,
				DB085B622C0ED09700199065 /* SignUpView.swift in Sources */,
				DB5AADE92C1818ED002907B6 /* Token.swift in Sources */,
				DB085B592C0E104A00199065 /* AuthFeature.swift in Sources */,
				DB37633C2C29C664009A201B /* HomeCoordinator.swift in Sources */,
				DBC567DB2C184A0300444E98 /* NavigationBarModifierView.swift in Sources */,
				DB085B4C2C0DFB2000199065 /* OnboardingView.swift in Sources */,
				DB23BCFC2C2062C000A9C193 /* WorkspaceCoordinator.swift in Sources */,
				DB5AADDD2C173DD0002907B6 /* InputFeature.swift in Sources */,
				DB5A3B2C2C0EFC4E00463E0B /* View+Extension.swift in Sources */,
				DB0B9D7D2C1833D800C5C150 /* HomeFeature.swift in Sources */,
				DB4B78122C105C3100350F04 /* HTTPHeader.swift in Sources */,
				DBF85C192C0DF5FB00CDFA04 /* TeamsApp.swift in Sources */,
				DB5AADE42C180FED002907B6 /* JoinResponseDTO+Mapping.swift in Sources */,
				DB5AADC82C16AC7F002907B6 /* UserDefaultManager.swift in Sources */,
				DB119BB02C3306A400E47A53 /* WorkspaceRemoveResponseDTO.swift in Sources */,
				DBEA52242C23FCA200026926 /* ValidTest.swift in Sources */,
				DB5AADE72C181427002907B6 /* Join.swift in Sources */,
				DB5AADBF2C16AA73002907B6 /* TargetType.swift in Sources */,
				DB717EE72C299E71003C59ED /* SideMenuFeature.swift in Sources */,
				DBEA52112C207E6400026926 /* RefreshRequestDTO.swift in Sources */,
				DB5AADD82C172C64002907B6 /* APIError.swift in Sources */,
				DB2566112C33D06800D34BEB /* WorkspaceEditFeature.swift in Sources */,
				DB5AADDF2C180E0F002907B6 /* JoinRequestDTO.swift in Sources */,
			);
			runOnlyForDeploymentPostprocessing = 0;
		};
/* End PBXSourcesBuildPhase section */

/* Begin XCBuildConfiguration section */
		DBF85C212C0DF5FC00CDFA04 /* Debug */ = {
			isa = XCBuildConfiguration;
			buildSettings = {
				ALWAYS_SEARCH_USER_PATHS = NO;
				ASSETCATALOG_COMPILER_GENERATE_SWIFT_ASSET_SYMBOL_EXTENSIONS = YES;
				CLANG_ANALYZER_NONNULL = YES;
				CLANG_ANALYZER_NUMBER_OBJECT_CONVERSION = YES_AGGRESSIVE;
				CLANG_CXX_LANGUAGE_STANDARD = "gnu++20";
				CLANG_ENABLE_MODULES = YES;
				CLANG_ENABLE_OBJC_ARC = YES;
				CLANG_ENABLE_OBJC_WEAK = YES;
				CLANG_WARN_BLOCK_CAPTURE_AUTORELEASING = YES;
				CLANG_WARN_BOOL_CONVERSION = YES;
				CLANG_WARN_COMMA = YES;
				CLANG_WARN_CONSTANT_CONVERSION = YES;
				CLANG_WARN_DEPRECATED_OBJC_IMPLEMENTATIONS = YES;
				CLANG_WARN_DIRECT_OBJC_ISA_USAGE = YES_ERROR;
				CLANG_WARN_DOCUMENTATION_COMMENTS = YES;
				CLANG_WARN_EMPTY_BODY = YES;
				CLANG_WARN_ENUM_CONVERSION = YES;
				CLANG_WARN_INFINITE_RECURSION = YES;
				CLANG_WARN_INT_CONVERSION = YES;
				CLANG_WARN_NON_LITERAL_NULL_CONVERSION = YES;
				CLANG_WARN_OBJC_IMPLICIT_RETAIN_SELF = YES;
				CLANG_WARN_OBJC_LITERAL_CONVERSION = YES;
				CLANG_WARN_OBJC_ROOT_CLASS = YES_ERROR;
				CLANG_WARN_QUOTED_INCLUDE_IN_FRAMEWORK_HEADER = YES;
				CLANG_WARN_RANGE_LOOP_ANALYSIS = YES;
				CLANG_WARN_STRICT_PROTOTYPES = YES;
				CLANG_WARN_SUSPICIOUS_MOVE = YES;
				CLANG_WARN_UNGUARDED_AVAILABILITY = YES_AGGRESSIVE;
				CLANG_WARN_UNREACHABLE_CODE = YES;
				CLANG_WARN__DUPLICATE_METHOD_MATCH = YES;
				COPY_PHASE_STRIP = NO;
				DEBUG_INFORMATION_FORMAT = dwarf;
				ENABLE_STRICT_OBJC_MSGSEND = YES;
				ENABLE_TESTABILITY = YES;
				ENABLE_USER_SCRIPT_SANDBOXING = YES;
				GCC_C_LANGUAGE_STANDARD = gnu17;
				GCC_DYNAMIC_NO_PIC = NO;
				GCC_NO_COMMON_BLOCKS = YES;
				GCC_OPTIMIZATION_LEVEL = 0;
				GCC_PREPROCESSOR_DEFINITIONS = (
					"DEBUG=1",
					"$(inherited)",
				);
				GCC_WARN_64_TO_32_BIT_CONVERSION = YES;
				GCC_WARN_ABOUT_RETURN_TYPE = YES_ERROR;
				GCC_WARN_UNDECLARED_SELECTOR = YES;
				GCC_WARN_UNINITIALIZED_AUTOS = YES_AGGRESSIVE;
				GCC_WARN_UNUSED_FUNCTION = YES;
				GCC_WARN_UNUSED_VARIABLE = YES;
				IPHONEOS_DEPLOYMENT_TARGET = 17.5;
				LOCALIZATION_PREFERS_STRING_CATALOGS = YES;
				MTL_ENABLE_DEBUG_INFO = INCLUDE_SOURCE;
				MTL_FAST_MATH = YES;
				ONLY_ACTIVE_ARCH = YES;
				SDKROOT = iphoneos;
				SWIFT_ACTIVE_COMPILATION_CONDITIONS = "DEBUG $(inherited)";
				SWIFT_OPTIMIZATION_LEVEL = "-Onone";
			};
			name = Debug;
		};
		DBF85C222C0DF5FC00CDFA04 /* Release */ = {
			isa = XCBuildConfiguration;
			buildSettings = {
				ALWAYS_SEARCH_USER_PATHS = NO;
				ASSETCATALOG_COMPILER_GENERATE_SWIFT_ASSET_SYMBOL_EXTENSIONS = YES;
				CLANG_ANALYZER_NONNULL = YES;
				CLANG_ANALYZER_NUMBER_OBJECT_CONVERSION = YES_AGGRESSIVE;
				CLANG_CXX_LANGUAGE_STANDARD = "gnu++20";
				CLANG_ENABLE_MODULES = YES;
				CLANG_ENABLE_OBJC_ARC = YES;
				CLANG_ENABLE_OBJC_WEAK = YES;
				CLANG_WARN_BLOCK_CAPTURE_AUTORELEASING = YES;
				CLANG_WARN_BOOL_CONVERSION = YES;
				CLANG_WARN_COMMA = YES;
				CLANG_WARN_CONSTANT_CONVERSION = YES;
				CLANG_WARN_DEPRECATED_OBJC_IMPLEMENTATIONS = YES;
				CLANG_WARN_DIRECT_OBJC_ISA_USAGE = YES_ERROR;
				CLANG_WARN_DOCUMENTATION_COMMENTS = YES;
				CLANG_WARN_EMPTY_BODY = YES;
				CLANG_WARN_ENUM_CONVERSION = YES;
				CLANG_WARN_INFINITE_RECURSION = YES;
				CLANG_WARN_INT_CONVERSION = YES;
				CLANG_WARN_NON_LITERAL_NULL_CONVERSION = YES;
				CLANG_WARN_OBJC_IMPLICIT_RETAIN_SELF = YES;
				CLANG_WARN_OBJC_LITERAL_CONVERSION = YES;
				CLANG_WARN_OBJC_ROOT_CLASS = YES_ERROR;
				CLANG_WARN_QUOTED_INCLUDE_IN_FRAMEWORK_HEADER = YES;
				CLANG_WARN_RANGE_LOOP_ANALYSIS = YES;
				CLANG_WARN_STRICT_PROTOTYPES = YES;
				CLANG_WARN_SUSPICIOUS_MOVE = YES;
				CLANG_WARN_UNGUARDED_AVAILABILITY = YES_AGGRESSIVE;
				CLANG_WARN_UNREACHABLE_CODE = YES;
				CLANG_WARN__DUPLICATE_METHOD_MATCH = YES;
				COPY_PHASE_STRIP = NO;
				DEBUG_INFORMATION_FORMAT = "dwarf-with-dsym";
				ENABLE_NS_ASSERTIONS = NO;
				ENABLE_STRICT_OBJC_MSGSEND = YES;
				ENABLE_USER_SCRIPT_SANDBOXING = YES;
				GCC_C_LANGUAGE_STANDARD = gnu17;
				GCC_NO_COMMON_BLOCKS = YES;
				GCC_WARN_64_TO_32_BIT_CONVERSION = YES;
				GCC_WARN_ABOUT_RETURN_TYPE = YES_ERROR;
				GCC_WARN_UNDECLARED_SELECTOR = YES;
				GCC_WARN_UNINITIALIZED_AUTOS = YES_AGGRESSIVE;
				GCC_WARN_UNUSED_FUNCTION = YES;
				GCC_WARN_UNUSED_VARIABLE = YES;
				IPHONEOS_DEPLOYMENT_TARGET = 17.5;
				LOCALIZATION_PREFERS_STRING_CATALOGS = YES;
				MTL_ENABLE_DEBUG_INFO = NO;
				MTL_FAST_MATH = YES;
				SDKROOT = iphoneos;
				SWIFT_COMPILATION_MODE = wholemodule;
				VALIDATE_PRODUCT = YES;
			};
			name = Release;
		};
		DBF85C242C0DF5FC00CDFA04 /* Debug */ = {
			isa = XCBuildConfiguration;
			buildSettings = {
				ASSETCATALOG_COMPILER_APPICON_NAME = AppIcon;
				ASSETCATALOG_COMPILER_GLOBAL_ACCENT_COLOR_NAME = AccentColor;
				CODE_SIGN_ENTITLEMENTS = Teams/Teams.entitlements;
				CODE_SIGN_STYLE = Automatic;
				CURRENT_PROJECT_VERSION = 1;
				DEVELOPMENT_ASSET_PATHS = "\"Teams/Preview Content\"";
				DEVELOPMENT_TEAM = SUZFV58S8B;
				ENABLE_PREVIEWS = YES;
				GENERATE_INFOPLIST_FILE = YES;
				INFOPLIST_FILE = Teams/Info.plist;
				INFOPLIST_KEY_UIApplicationSceneManifest_Generation = YES;
				INFOPLIST_KEY_UIApplicationSupportsIndirectInputEvents = YES;
				INFOPLIST_KEY_UILaunchScreen_Generation = YES;
				INFOPLIST_KEY_UISupportedInterfaceOrientations = UIInterfaceOrientationPortrait;
				INFOPLIST_KEY_UISupportedInterfaceOrientations_iPad = "UIInterfaceOrientationLandscapeLeft UIInterfaceOrientationLandscapeRight UIInterfaceOrientationPortrait UIInterfaceOrientationPortraitUpsideDown";
				IPHONEOS_DEPLOYMENT_TARGET = 16;
				LD_RUNPATH_SEARCH_PATHS = (
					"$(inherited)",
					"@executable_path/Frameworks",
				);
				MARKETING_VERSION = 1.0;
				PRODUCT_BUNDLE_IDENTIFIER = com.jinoo.Teams;
				PRODUCT_NAME = "$(TARGET_NAME)";
				SUPPORTED_PLATFORMS = "iphoneos iphonesimulator";
				SUPPORTS_MACCATALYST = NO;
				SUPPORTS_MAC_DESIGNED_FOR_IPHONE_IPAD = NO;
				SUPPORTS_XR_DESIGNED_FOR_IPHONE_IPAD = NO;
				SWIFT_EMIT_LOC_STRINGS = YES;
				SWIFT_VERSION = 5.0;
				TARGETED_DEVICE_FAMILY = 1;
			};
			name = Debug;
		};
		DBF85C252C0DF5FC00CDFA04 /* Release */ = {
			isa = XCBuildConfiguration;
			buildSettings = {
				ASSETCATALOG_COMPILER_APPICON_NAME = AppIcon;
				ASSETCATALOG_COMPILER_GLOBAL_ACCENT_COLOR_NAME = AccentColor;
				CODE_SIGN_ENTITLEMENTS = Teams/Teams.entitlements;
				CODE_SIGN_STYLE = Automatic;
				CURRENT_PROJECT_VERSION = 1;
				DEVELOPMENT_ASSET_PATHS = "\"Teams/Preview Content\"";
				DEVELOPMENT_TEAM = SUZFV58S8B;
				ENABLE_PREVIEWS = YES;
				GENERATE_INFOPLIST_FILE = YES;
				INFOPLIST_FILE = Teams/Info.plist;
				INFOPLIST_KEY_UIApplicationSceneManifest_Generation = YES;
				INFOPLIST_KEY_UIApplicationSupportsIndirectInputEvents = YES;
				INFOPLIST_KEY_UILaunchScreen_Generation = YES;
				INFOPLIST_KEY_UISupportedInterfaceOrientations = UIInterfaceOrientationPortrait;
				INFOPLIST_KEY_UISupportedInterfaceOrientations_iPad = "UIInterfaceOrientationLandscapeLeft UIInterfaceOrientationLandscapeRight UIInterfaceOrientationPortrait UIInterfaceOrientationPortraitUpsideDown";
				IPHONEOS_DEPLOYMENT_TARGET = 16;
				LD_RUNPATH_SEARCH_PATHS = (
					"$(inherited)",
					"@executable_path/Frameworks",
				);
				MARKETING_VERSION = 1.0;
				PRODUCT_BUNDLE_IDENTIFIER = com.jinoo.Teams;
				PRODUCT_NAME = "$(TARGET_NAME)";
				SUPPORTED_PLATFORMS = "iphoneos iphonesimulator";
				SUPPORTS_MACCATALYST = NO;
				SUPPORTS_MAC_DESIGNED_FOR_IPHONE_IPAD = NO;
				SUPPORTS_XR_DESIGNED_FOR_IPHONE_IPAD = NO;
				SWIFT_EMIT_LOC_STRINGS = YES;
				SWIFT_VERSION = 5.0;
				TARGETED_DEVICE_FAMILY = 1;
			};
			name = Release;
		};
/* End XCBuildConfiguration section */

/* Begin XCConfigurationList section */
		DBF85C102C0DF5FB00CDFA04 /* Build configuration list for PBXProject "Teams" */ = {
			isa = XCConfigurationList;
			buildConfigurations = (
				DBF85C212C0DF5FC00CDFA04 /* Debug */,
				DBF85C222C0DF5FC00CDFA04 /* Release */,
			);
			defaultConfigurationIsVisible = 0;
			defaultConfigurationName = Release;
		};
		DBF85C232C0DF5FC00CDFA04 /* Build configuration list for PBXNativeTarget "Teams" */ = {
			isa = XCConfigurationList;
			buildConfigurations = (
				DBF85C242C0DF5FC00CDFA04 /* Debug */,
				DBF85C252C0DF5FC00CDFA04 /* Release */,
			);
			defaultConfigurationIsVisible = 0;
			defaultConfigurationName = Release;
		};
/* End XCConfigurationList section */

/* Begin XCRemoteSwiftPackageReference section */
		DB5AADB32C12E4F1002907B6 /* XCRemoteSwiftPackageReference "PopupView" */ = {
			isa = XCRemoteSwiftPackageReference;
			repositoryURL = "https://github.com/exyte/PopupView.git";
			requirement = {
				kind = upToNextMajorVersion;
				minimumVersion = 2.10.1;
			};
		};
		DB5AADC02C16AB03002907B6 /* XCRemoteSwiftPackageReference "Alamofire" */ = {
			isa = XCRemoteSwiftPackageReference;
			repositoryURL = "https://github.com/Alamofire/Alamofire.git";
			requirement = {
				kind = upToNextMajorVersion;
				minimumVersion = 5.9.1;
			};
		};
		DB5AADC32C16AB9D002907B6 /* XCRemoteSwiftPackageReference "Kingfisher" */ = {
			isa = XCRemoteSwiftPackageReference;
			repositoryURL = "https://github.com/onevcat/Kingfisher.git";
			requirement = {
				kind = upToNextMajorVersion;
				minimumVersion = 7.11.0;
			};
		};
		DBD075892C1B273500678DAB /* XCRemoteSwiftPackageReference "kakao-ios-sdk" */ = {
			isa = XCRemoteSwiftPackageReference;
			repositoryURL = "https://github.com/kakao/kakao-ios-sdk";
			requirement = {
				branch = master;
				kind = branch;
			};
		};
		DBF386202C1BFAD000A08152 /* XCRemoteSwiftPackageReference "TCACoordinators" */ = {
			isa = XCRemoteSwiftPackageReference;
			repositoryURL = "https://github.com/johnpatrickmorgan/TCACoordinators.git";
			requirement = {
				kind = upToNextMajorVersion;
				minimumVersion = 0.10.0;
			};
		};
		DBF85C292C0DF71300CDFA04 /* XCRemoteSwiftPackageReference "swift-composable-architecture" */ = {
			isa = XCRemoteSwiftPackageReference;
			repositoryURL = "https://github.com/pointfreeco/swift-composable-architecture.git";
			requirement = {
				kind = upToNextMajorVersion;
				minimumVersion = 1.10.4;
			};
		};
/* End XCRemoteSwiftPackageReference section */

/* Begin XCSwiftPackageProductDependency section */
		DB5AADB42C12E4F1002907B6 /* PopupView */ = {
			isa = XCSwiftPackageProductDependency;
			package = DB5AADB32C12E4F1002907B6 /* XCRemoteSwiftPackageReference "PopupView" */;
			productName = PopupView;
		};
		DB5AADC12C16AB03002907B6 /* Alamofire */ = {
			isa = XCSwiftPackageProductDependency;
			package = DB5AADC02C16AB03002907B6 /* XCRemoteSwiftPackageReference "Alamofire" */;
			productName = Alamofire;
		};
		DB5AADC42C16AB9D002907B6 /* Kingfisher */ = {
			isa = XCSwiftPackageProductDependency;
			package = DB5AADC32C16AB9D002907B6 /* XCRemoteSwiftPackageReference "Kingfisher" */;
			productName = Kingfisher;
		};
		DBD0758A2C1B273500678DAB /* KakaoSDK */ = {
			isa = XCSwiftPackageProductDependency;
			package = DBD075892C1B273500678DAB /* XCRemoteSwiftPackageReference "kakao-ios-sdk" */;
			productName = KakaoSDK;
		};
		DBF386212C1BFAD000A08152 /* TCACoordinators */ = {
			isa = XCSwiftPackageProductDependency;
			package = DBF386202C1BFAD000A08152 /* XCRemoteSwiftPackageReference "TCACoordinators" */;
			productName = TCACoordinators;
		};
		DBF85C2A2C0DF71300CDFA04 /* ComposableArchitecture */ = {
			isa = XCSwiftPackageProductDependency;
			package = DBF85C292C0DF71300CDFA04 /* XCRemoteSwiftPackageReference "swift-composable-architecture" */;
			productName = ComposableArchitecture;
		};
/* End XCSwiftPackageProductDependency section */
	};
	rootObject = DBF85C0D2C0DF5FB00CDFA04 /* Project object */;
}
